
Microsoft Visual Studio Solution File, Format Version 12.00
# Visual Studio Version 17
VisualStudioVersion = 17.0.31314.256
MinimumVisualStudioVersion = 10.0.40219.1
Project("{2150E333-8FDC-42A3-9474-1A3956D46DE8}") = "Automation", "Automation", "{0BFBE63A-B98A-3411-8EEB-8918FEC737B3}"
EndProject
Project("{2150E333-8FDC-42A3-9474-1A3956D46DE8}") = "Engine", "Engine", "{233774A8-CC9D-3FA9-86D1-90573E92B704}"
EndProject
Project("{2150E333-8FDC-42A3-9474-1A3956D46DE8}") = "Games", "Games", "{DE1F8B53-6C02-3C13-9101-A7C8D96F3FF6}"
EndProject
Project("{2150E333-8FDC-42A3-9474-1A3956D46DE8}") = "Programs", "Programs", "{A338B9E2-A559-34BE-A46D-F789DD488FAD}"
EndProject
Project("{2150E333-8FDC-42A3-9474-1A3956D46DE8}") = "Rules", "Rules", "{C2F57ECE-B26F-39D8-BDA7-C1D40BD8F180}"
EndProject
Project("{2150E333-8FDC-42A3-9474-1A3956D46DE8}") = "Shared", "Shared", "{57713676-9DBE-331C-AD10-26632AC9EE0C}"
EndProject
Project("{2150E333-8FDC-42A3-9474-1A3956D46DE8}") = "UnrealBuildTool.Plugins", "UnrealBuildTool.Plugins", "{7B5CFB44-F0FB-31DF-AE62-C3C096A29A7B}"
EndProject
Project("{8BC9CEB8-8B4A-11D0-8D11-00A0C91BC942}") = "EpochsOfAscension", "Intermediate\ProjectFiles\EpochsOfAscension.vcxproj", "{C50DAA26-C97E-31DE-9A26-D5A4C28BBED2}"
	ProjectSection(ProjectDependencies) = postProject
		{C400D4E0-08C7-3262-9D82-BC0AEE5CD3E9} = {C400D4E0-08C7-3262-9D82-BC0AEE5CD3E9}
	EndProjectSection
EndProject
Project("{8BC9CEB8-8B4A-11D0-8D11-00A0C91BC942}") = "UE5", "Intermediate\ProjectFiles\UE5.vcxproj", "{C8CFA770-197F-38FD-B0BD-E8DD6B306A0C}"
EndProject
Project("{FAE04EC0-301F-11D3-BF4B-00C04F79EFBC}") = "UnrealBuildTool", "..\..\..\Unreal_Engine\UE_5.3\Engine\Source\Programs\UnrealBuildTool\UnrealBuildTool.csproj", "{C400D4E0-08C7-3262-9D82-BC0AEE5CD3E9}"
EndProject
Project("{FAE04EC0-301F-11D3-BF4B-00C04F79EFBC}") = "AutomationTool", "..\..\..\Unreal_Engine\UE_5.3\Engine\Source\Programs\AutomationTool\AutomationTool.csproj", "{EDF78F43-9F50-3922-90E1-6F3E7FFD4CB5}"
EndProject
Project("{FAE04EC0-301F-11D3-BF4B-00C04F79EFBC}") = "Android.Automation", "..\..\..\Unreal_Engine\UE_5.3\Engine\Source\Programs\AutomationTool\Android\Android.Automation.csproj", "{CCF33E13-D7A4-3550-AC7B-BED23D52183A}"
EndProject
Project("{FAE04EC0-301F-11D3-BF4B-00C04F79EFBC}") = "Apple.Automation", "..\..\..\Unreal_Engine\UE_5.3\Engine\Source\Programs\AutomationTool\Apple\Apple.Automation.csproj", "{4B308E59-7054-365F-9D0E-905430A61BEF}"
EndProject
Project("{FAE04EC0-301F-11D3-BF4B-00C04F79EFBC}") = "AutomationUtils.Automation", "..\..\..\Unreal_Engine\UE_5.3\Engine\Source\Programs\AutomationTool\AutomationUtils\AutomationUtils.Automation.csproj", "{069A855D-12C0-3F09-AA0B-12084FDBF780}"
EndProject
Project("{FAE04EC0-301F-11D3-BF4B-00C04F79EFBC}") = "BuildGraph.Automation", "..\..\..\Unreal_Engine\UE_5.3\Engine\Source\Programs\AutomationTool\BuildGraph\BuildGraph.Automation.csproj", "{381248A1-FE73-32ED-8AFC-1C96974C491E}"
EndProject
Project("{FAE04EC0-301F-11D3-BF4B-00C04F79EFBC}") = "CookedEditor.Automation", "..\..\..\Unreal_Engine\UE_5.3\Engine\Source\Programs\AutomationTool\CookedEditor\CookedEditor.Automation.csproj", "{A253DAC7-9DFE-3EEE-833E-74CC79774AA3}"
EndProject
Project("{FAE04EC0-301F-11D3-BF4B-00C04F79EFBC}") = "CrowdinLocalization.Automation", "..\..\..\Unreal_Engine\UE_5.3\Engine\Source\Programs\AutomationTool\CrowdinLocalization\CrowdinLocalization.Automation.csproj", "{E9C219C2-3523-32D9-8154-6AD7A22C8F99}"
EndProject
Project("{FAE04EC0-301F-11D3-BF4B-00C04F79EFBC}") = "Gauntlet.Automation", "..\..\..\Unreal_Engine\UE_5.3\Engine\Source\Programs\AutomationTool\Gauntlet\Gauntlet.Automation.csproj", "{30EA816A-6982-3195-85A0-31E5DAC69B45}"
EndProject
Project("{FAE04EC0-301F-11D3-BF4B-00C04F79EFBC}") = "IOS.Automation", "..\..\..\Unreal_Engine\UE_5.3\Engine\Source\Programs\AutomationTool\IOS\IOS.Automation.csproj", "{E2452AB3-6C43-3B78-81B7-079B37EE00F9}"
EndProject
Project("{FAE04EC0-301F-11D3-BF4B-00C04F79EFBC}") = "Linux.Automation", "..\..\..\Unreal_Engine\UE_5.3\Engine\Source\Programs\AutomationTool\Linux\Linux.Automation.csproj", "{4668C3BD-D749-3C53-A011-6DFA5D66BC35}"
EndProject
Project("{FAE04EC0-301F-11D3-BF4B-00C04F79EFBC}") = "Localization.Automation", "..\..\..\Unreal_Engine\UE_5.3\Engine\Source\Programs\AutomationTool\Localization\Localization.Automation.csproj", "{FDEB040B-4285-36F5-826A-005D920B10C8}"
EndProject
Project("{FAE04EC0-301F-11D3-BF4B-00C04F79EFBC}") = "LowLevelTests.Automation", "..\..\..\Unreal_Engine\UE_5.3\Engine\Source\Programs\AutomationTool\LowLevelTests\LowLevelTests.Automation.csproj", "{4446D613-9614-3A32-866B-AD98FCFFD1E2}"
EndProject
Project("{FAE04EC0-301F-11D3-BF4B-00C04F79EFBC}") = "Mac.Automation", "..\..\..\Unreal_Engine\UE_5.3\Engine\Source\Programs\AutomationTool\Mac\Mac.Automation.csproj", "{6A328F4B-482B-3727-99A1-A6D5526FF71E}"
EndProject
Project("{FAE04EC0-301F-11D3-BF4B-00C04F79EFBC}") = "OneSkyLocalization.Automation", "..\..\..\Unreal_Engine\UE_5.3\Engine\Source\Programs\AutomationTool\OneSkyLocalization\OneSkyLocalization.Automation.csproj", "{55B3FFCD-7A59-38D8-B583-C8610AD7BD6F}"
EndProject
Project("{FAE04EC0-301F-11D3-BF4B-00C04F79EFBC}") = "AutomationScripts.Automation", "..\..\..\Unreal_Engine\UE_5.3\Engine\Source\Programs\AutomationTool\Scripts\AutomationScripts.Automation.csproj", "{0EBB1FA7-E3E5-37C2-BC30-96F3EB154CDF}"
EndProject
Project("{FAE04EC0-301F-11D3-BF4B-00C04F79EFBC}") = "SmartlingLocalization.Automation", "..\..\..\Unreal_Engine\UE_5.3\Engine\Source\Programs\AutomationTool\SmartlingLocalization\SmartlingLocalization.Automation.csproj", "{090EA9F6-D62B-3AFA-8A45-8489A7602E75}"
EndProject
Project("{FAE04EC0-301F-11D3-BF4B-00C04F79EFBC}") = "SteamDeck.Automation", "..\..\..\Unreal_Engine\UE_5.3\Engine\Source\Programs\AutomationTool\SteamDeck\SteamDeck.Automation.csproj", "{BE733446-6220-334A-AF46-131773B7EC1E}"
EndProject
Project("{FAE04EC0-301F-11D3-BF4B-00C04F79EFBC}") = "TVOS.Automation", "..\..\..\Unreal_Engine\UE_5.3\Engine\Source\Programs\AutomationTool\TVOS\TVOS.Automation.csproj", "{C1448278-720D-3DB2-90E1-3DE1A755567A}"
EndProject
Project("{FAE04EC0-301F-11D3-BF4B-00C04F79EFBC}") = "Turnkey.Automation", "..\..\..\Unreal_Engine\UE_5.3\Engine\Source\Programs\AutomationTool\Turnkey\Turnkey.Automation.csproj", "{B9773685-FC51-36F6-B113-EE38D86C2C69}"
EndProject
Project("{FAE04EC0-301F-11D3-BF4B-00C04F79EFBC}") = "Win.Automation", "..\..\..\Unreal_Engine\UE_5.3\Engine\Source\Programs\AutomationTool\Win\Win.Automation.csproj", "{78DAFE4B-012A-3D74-93F9-ABB2444FEC1D}"
EndProject
Project("{FAE04EC0-301F-11D3-BF4B-00C04F79EFBC}") = "XLocLocalization.Automation", "..\..\..\Unreal_Engine\UE_5.3\Engine\Source\Programs\AutomationTool\XLocLocalization\XLocLocalization.Automation.csproj", "{4D466075-A632-39EA-9711-05AA01C386B8}"
EndProject
Project("{FAE04EC0-301F-11D3-BF4B-00C04F79EFBC}") = "ScriptGeneratorUbtPlugin.ubtplugin", "..\..\..\Unreal_Engine\UE_5.3\Engine\Plugins\ScriptPlugin\Source\ScriptGeneratorUbtPlugin\ScriptGeneratorUbtPlugin.ubtplugin.csproj", "{2AA876B8-DDF5-38F9-8F1E-C838B88F351A}"
EndProject
Project("{FAE04EC0-301F-11D3-BF4B-00C04F79EFBC}") = "EpicGames.AspNet", "..\..\..\Unreal_Engine\UE_5.3\Engine\Source\Programs\Shared\EpicGames.AspNet\EpicGames.AspNet.csproj", "{33731343-EE36-39B1-8A32-977E338913C9}"
EndProject
Project("{FAE04EC0-301F-11D3-BF4B-00C04F79EFBC}") = "EpicGames.Box", "..\..\..\Unreal_Engine\UE_5.3\Engine\Source\Programs\Shared\EpicGames.Box\EpicGames.Box.csproj", "{0F6FD8AD-19D7-35B5-8CCD-2AA84BF6A7B0}"
EndProject
Project("{FAE04EC0-301F-11D3-BF4B-00C04F79EFBC}") = "EpicGames.Build", "..\..\..\Unreal_Engine\UE_5.3\Engine\Source\Programs\Shared\EpicGames.Build\EpicGames.Build.csproj", "{CFA4D4A1-E935-3163-92F8-7D8AE3522199}"
EndProject
Project("{FAE04EC0-301F-11D3-BF4B-00C04F79EFBC}") = "EpicGames.BuildGraph", "..\..\..\Unreal_Engine\UE_5.3\Engine\Source\Programs\Shared\EpicGames.BuildGraph\EpicGames.BuildGraph.csproj", "{D005CE60-EA97-39D3-BF39-E51E15F9D4E8}"
EndProject
Project("{FAE04EC0-301F-11D3-BF4B-00C04F79EFBC}") = "EpicGames.Core", "..\..\..\Unreal_Engine\UE_5.3\Engine\Source\Programs\Shared\EpicGames.Core\EpicGames.Core.csproj", "{BD4A4A7A-3382-343E-90DE-833042B6DF7C}"
EndProject
Project("{FAE04EC0-301F-11D3-BF4B-00C04F79EFBC}") = "EpicGames.Horde", "..\..\..\Unreal_Engine\UE_5.3\Engine\Source\Programs\Shared\EpicGames.Horde\EpicGames.Horde.csproj", "{3AE8B2B4-7A68-356F-913A-FAA1C16AF63C}"
EndProject
Project("{FAE04EC0-301F-11D3-BF4B-00C04F79EFBC}") = "EpicGames.IoHash", "..\..\..\Unreal_Engine\UE_5.3\Engine\Source\Programs\Shared\EpicGames.IoHash\EpicGames.IoHash.csproj", "{C10A1CD9-96A4-3B42-8EEA-3AE681559E12}"
EndProject
Project("{FAE04EC0-301F-11D3-BF4B-00C04F79EFBC}") = "EpicGames.Jupiter", "..\..\..\Unreal_Engine\UE_5.3\Engine\Source\Programs\Shared\EpicGames.Jupiter\EpicGames.Jupiter.csproj", "{B3A1AC86-EFF2-3B0C-ADB0-0DA7CAD3D26C}"
EndProject
Project("{FAE04EC0-301F-11D3-BF4B-00C04F79EFBC}") = "EpicGames.MongoDB", "..\..\..\Unreal_Engine\UE_5.3\Engine\Source\Programs\Shared\EpicGames.MongoDB\EpicGames.MongoDB.csproj", "{AD38420B-8D37-3D81-ADBD-95F04BD1A140}"
EndProject
Project("{FAE04EC0-301F-11D3-BF4B-00C04F79EFBC}") = "EpicGames.MsBuild", "..\..\..\Unreal_Engine\UE_5.3\Engine\Source\Programs\Shared\EpicGames.MsBuild\EpicGames.MsBuild.csproj", "{F9F8B045-57AF-3C62-A2CF-5036A2C29E66}"
EndProject
Project("{FAE04EC0-301F-11D3-BF4B-00C04F79EFBC}") = "EpicGames.OIDC", "..\..\..\Unreal_Engine\UE_5.3\Engine\Source\Programs\Shared\EpicGames.OIDC\EpicGames.OIDC.csproj", "{71B173CA-A15C-3A83-8EDA-789AF8F49432}"
EndProject
Project("{FAE04EC0-301F-11D3-BF4B-00C04F79EFBC}") = "EpicGames.Oodle", "..\..\..\Unreal_Engine\UE_5.3\Engine\Source\Programs\Shared\EpicGames.Oodle\EpicGames.Oodle.csproj", "{F2947B2D-3B91-33B7-8ADB-FDE0502C1082}"
EndProject
Project("{FAE04EC0-301F-11D3-BF4B-00C04F79EFBC}") = "EpicGames.Perforce", "..\..\..\Unreal_Engine\UE_5.3\Engine\Source\Programs\Shared\EpicGames.Perforce\EpicGames.Perforce.csproj", "{EADA29F4-BE9E-3DB7-8389-29235AD5D489}"
EndProject
Project("{FAE04EC0-301F-11D3-BF4B-00C04F79EFBC}") = "EpicGames.Perforce.Fixture", "..\..\..\Unreal_Engine\UE_5.3\Engine\Source\Programs\Shared\EpicGames.Perforce.Fixture\EpicGames.Perforce.Fixture.csproj", "{1F125E34-286D-3D11-903B-349504A35386}"
EndProject
Project("{FAE04EC0-301F-11D3-BF4B-00C04F79EFBC}") = "EpicGames.Perforce.Managed", "..\..\..\Unreal_Engine\UE_5.3\Engine\Source\Programs\Shared\EpicGames.Perforce.Managed\EpicGames.Perforce.Managed.csproj", "{95DF07E1-E0EE-3411-B4E3-801D307B0E9B}"
EndProject
Project("{FAE04EC0-301F-11D3-BF4B-00C04F79EFBC}") = "EpicGames.Redis", "..\..\..\Unreal_Engine\UE_5.3\Engine\Source\Programs\Shared\EpicGames.Redis\EpicGames.Redis.csproj", "{84CBC12F-18F1-35F0-A385-BD1DD15656EA}"
EndProject
Project("{FAE04EC0-301F-11D3-BF4B-00C04F79EFBC}") = "EpicGames.Serialization", "..\..\..\Unreal_Engine\UE_5.3\Engine\Source\Programs\Shared\EpicGames.Serialization\EpicGames.Serialization.csproj", "{2912C0C2-05FF-31F0-B364-9F9A92B753B9}"
EndProject
Project("{FAE04EC0-301F-11D3-BF4B-00C04F79EFBC}") = "EpicGames.Slack", "..\..\..\Unreal_Engine\UE_5.3\Engine\Source\Programs\Shared\EpicGames.Slack\EpicGames.Slack.csproj", "{FC092669-6737-3B32-AA0A-9A6370D8F04A}"
EndProject
Project("{FAE04EC0-301F-11D3-BF4B-00C04F79EFBC}") = "EpicGames.Tracing", "..\..\..\Unreal_Engine\UE_5.3\Engine\Source\Programs\Shared\EpicGames.Tracing\EpicGames.Tracing.csproj", "{B4B63EBA-F13D-34FF-8E61-1261F1769543}"
EndProject
Project("{FAE04EC0-301F-11D3-BF4B-00C04F79EFBC}") = "EpicGames.UHT", "..\..\..\Unreal_Engine\UE_5.3\Engine\Source\Programs\Shared\EpicGames.UHT\EpicGames.UHT.csproj", "{9AF690B8-A689-3371-B777-E1FE15DE5126}"
EndProject
Project("{FAE04EC0-301F-11D3-BF4B-00C04F79EFBC}") = "EpochsOfAscensionModuleRules", "Intermediate\Build\BuildRulesProjects\EpochsOfAscensionModuleRules\EpochsOfAscensionModuleRules.csproj", "{4B64A033-B871-3AA2-AA50-D12A5A69D706}"
EndProject
Project("{FAE04EC0-301F-11D3-BF4B-00C04F79EFBC}") = "UE5ProgramRules", "..\..\..\Unreal_Engine\UE_5.3\Engine\Intermediate\Build\BuildRulesProjects\UE5ProgramRules\UE5ProgramRules.csproj", "{78DBFA3A-5AD5-39D2-9BBB-A83582515589}"
EndProject
Project("{FAE04EC0-301F-11D3-BF4B-00C04F79EFBC}") = "UE5Rules", "..\..\..\Unreal_Engine\UE_5.3\Engine\Intermediate\Build\BuildRulesProjects\UE5Rules\UE5Rules.csproj", "{05DFEB00-0EA6-38A3-91BA-F32DAFDECD63}"
EndProject
Project("{2150E333-8FDC-42A3-9474-1A3956D46DE8}") = "Visualizers", "Visualizers", "{1CCEC849-CC72-4C59-8C36-2F7C38706D4C}"
	ProjectSection(SolutionItems) = preProject
		..\..\..\Unreal_Engine\UE_5.3\Engine\Extras\VisualStudioDebugging\Unreal.natvis = ..\..\..\Unreal_Engine\UE_5.3\Engine\Extras\VisualStudioDebugging\Unreal.natvis
		..\..\..\Unreal_Engine\UE_5.3\Engine\Extras\VisualStudioDebugging\Unreal.natstepfilter = ..\..\..\Unreal_Engine\UE_5.3\Engine\Extras\VisualStudioDebugging\Unreal.natstepfilter
	EndProjectSection
EndProject
Global
	GlobalSection(SolutionConfigurationPlatforms) = preSolution
		DebugGame Editor|Win64 = DebugGame Editor|Win64
		DebugGame|Win64 = DebugGame|Win64
		Development Editor|Win64 = Development Editor|Win64
		Development|Win64 = Development|Win64
		Shipping|Win64 = Shipping|Win64
	EndGlobalSection
	# UnrealVS Section
	GlobalSection(ddbf523f-7eb6-4887-bd51-85a714ff87eb) = preSolution
		AvailablePlatforms=Win64
	EndGlobalSection
	GlobalSection(ProjectConfigurationPlatforms) = postSolution
		{C50DAA26-C97E-31DE-9A26-D5A4C28BBED2}.DebugGame Editor|Win64.ActiveCfg = DebugGame_Editor|x64
		{C50DAA26-C97E-31DE-9A26-D5A4C28BBED2}.DebugGame Editor|Win64.Build.0 = DebugGame_Editor|x64
		{C50DAA26-C97E-31DE-9A26-D5A4C28BBED2}.DebugGame|Win64.ActiveCfg = DebugGame|x64
		{C50DAA26-C97E-31DE-9A26-D5A4C28BBED2}.DebugGame|Win64.Build.0 = DebugGame|x64
		{C50DAA26-C97E-31DE-9A26-D5A4C28BBED2}.Development Editor|Win64.ActiveCfg = Development_Editor|x64
		{C50DAA26-C97E-31DE-9A26-D5A4C28BBED2}.Development Editor|Win64.Build.0 = Development_Editor|x64
		{C50DAA26-C97E-31DE-9A26-D5A4C28BBED2}.Development|Win64.ActiveCfg = Development|x64
		{C50DAA26-C97E-31DE-9A26-D5A4C28BBED2}.Development|Win64.Build.0 = Development|x64
		{C50DAA26-C97E-31DE-9A26-D5A4C28BBED2}.Shipping|Win64.ActiveCfg = Shipping|x64
		{C50DAA26-C97E-31DE-9A26-D5A4C28BBED2}.Shipping|Win64.Build.0 = Shipping|x64
		{C8CFA770-197F-38FD-B0BD-E8DD6B306A0C}.DebugGame Editor|Win64.ActiveCfg = BuiltWithUnrealBuildTool|Win64
		{C8CFA770-197F-38FD-B0BD-E8DD6B306A0C}.DebugGame|Win64.ActiveCfg = BuiltWithUnrealBuildTool|Win64
		{C8CFA770-197F-38FD-B0BD-E8DD6B306A0C}.Development Editor|Win64.ActiveCfg = BuiltWithUnrealBuildTool|Win64
		{C8CFA770-197F-38FD-B0BD-E8DD6B306A0C}.Development|Win64.ActiveCfg = BuiltWithUnrealBuildTool|Win64
		{C8CFA770-197F-38FD-B0BD-E8DD6B306A0C}.Shipping|Win64.ActiveCfg = BuiltWithUnrealBuildTool|Win64
		{C400D4E0-08C7-3262-9D82-BC0AEE5CD3E9}.DebugGame Editor|Win64.ActiveCfg = Development|Any CPU
		{C400D4E0-08C7-3262-9D82-BC0AEE5CD3E9}.DebugGame Editor|Win64.Build.0 = Development|Any CPU
		{C400D4E0-08C7-3262-9D82-BC0AEE5CD3E9}.DebugGame|Win64.ActiveCfg = Development|Any CPU
		{C400D4E0-08C7-3262-9D82-BC0AEE5CD3E9}.DebugGame|Win64.Build.0 = Development|Any CPU
		{C400D4E0-08C7-3262-9D82-BC0AEE5CD3E9}.Development Editor|Win64.ActiveCfg = Development|Any CPU
		{C400D4E0-08C7-3262-9D82-BC0AEE5CD3E9}.Development Editor|Win64.Build.0 = Development|Any CPU
		{C400D4E0-08C7-3262-9D82-BC0AEE5CD3E9}.Development|Win64.ActiveCfg = Development|Any CPU
		{C400D4E0-08C7-3262-9D82-BC0AEE5CD3E9}.Development|Win64.Build.0 = Development|Any CPU
		{C400D4E0-08C7-3262-9D82-BC0AEE5CD3E9}.Shipping|Win64.ActiveCfg = Development|Any CPU
		{C400D4E0-08C7-3262-9D82-BC0AEE5CD3E9}.Shipping|Win64.Build.0 = Development|Any CPU
		{EDF78F43-9F50-3922-90E1-6F3E7FFD4CB5}.DebugGame Editor|Win64.ActiveCfg = Development|Any CPU
		{EDF78F43-9F50-3922-90E1-6F3E7FFD4CB5}.DebugGame Editor|Win64.Build.0 = Development|Any CPU
		{EDF78F43-9F50-3922-90E1-6F3E7FFD4CB5}.DebugGame|Win64.ActiveCfg = Development|Any CPU
		{EDF78F43-9F50-3922-90E1-6F3E7FFD4CB5}.DebugGame|Win64.Build.0 = Development|Any CPU
		{EDF78F43-9F50-3922-90E1-6F3E7FFD4CB5}.Development Editor|Win64.ActiveCfg = Development|Any CPU
		{EDF78F43-9F50-3922-90E1-6F3E7FFD4CB5}.Development Editor|Win64.Build.0 = Development|Any CPU
		{EDF78F43-9F50-3922-90E1-6F3E7FFD4CB5}.Development|Win64.ActiveCfg = Development|Any CPU
		{EDF78F43-9F50-3922-90E1-6F3E7FFD4CB5}.Development|Win64.Build.0 = Development|Any CPU
		{EDF78F43-9F50-3922-90E1-6F3E7FFD4CB5}.Shipping|Win64.ActiveCfg = Development|Any CPU
		{EDF78F43-9F50-3922-90E1-6F3E7FFD4CB5}.Shipping|Win64.Build.0 = Development|Any CPU
		{CCF33E13-D7A4-3550-AC7B-BED23D52183A}.DebugGame Editor|Win64.ActiveCfg = Development|Any CPU
		{CCF33E13-D7A4-3550-AC7B-BED23D52183A}.DebugGame Editor|Win64.Build.0 = Development|Any CPU
		{CCF33E13-D7A4-3550-AC7B-BED23D52183A}.DebugGame|Win64.ActiveCfg = Development|Any CPU
		{CCF33E13-D7A4-3550-AC7B-BED23D52183A}.DebugGame|Win64.Build.0 = Development|Any CPU
		{CCF33E13-D7A4-3550-AC7B-BED23D52183A}.Development Editor|Win64.ActiveCfg = Development|Any CPU
		{CCF33E13-D7A4-3550-AC7B-BED23D52183A}.Development Editor|Win64.Build.0 = Development|Any CPU
		{CCF33E13-D7A4-3550-AC7B-BED23D52183A}.Development|Win64.ActiveCfg = Development|Any CPU
		{CCF33E13-D7A4-3550-AC7B-BED23D52183A}.Development|Win64.Build.0 = Development|Any CPU
		{CCF33E13-D7A4-3550-AC7B-BED23D52183A}.Shipping|Win64.ActiveCfg = Development|Any CPU
		{CCF33E13-D7A4-3550-AC7B-BED23D52183A}.Shipping|Win64.Build.0 = Development|Any CPU
		{4B308E59-7054-365F-9D0E-905430A61BEF}.DebugGame Editor|Win64.ActiveCfg = Development|Any CPU
		{4B308E59-7054-365F-9D0E-905430A61BEF}.DebugGame Editor|Win64.Build.0 = Development|Any CPU
		{4B308E59-7054-365F-9D0E-905430A61BEF}.DebugGame|Win64.ActiveCfg = Development|Any CPU
		{4B308E59-7054-365F-9D0E-905430A61BEF}.DebugGame|Win64.Build.0 = Development|Any CPU
		{4B308E59-7054-365F-9D0E-905430A61BEF}.Development Editor|Win64.ActiveCfg = Development|Any CPU
		{4B308E59-7054-365F-9D0E-905430A61BEF}.Development Editor|Win64.Build.0 = Development|Any CPU
		{4B308E59-7054-365F-9D0E-905430A61BEF}.Development|Win64.ActiveCfg = Development|Any CPU
		{4B308E59-7054-365F-9D0E-905430A61BEF}.Development|Win64.Build.0 = Development|Any CPU
		{4B308E59-7054-365F-9D0E-905430A61BEF}.Shipping|Win64.ActiveCfg = Development|Any CPU
		{4B308E59-7054-365F-9D0E-905430A61BEF}.Shipping|Win64.Build.0 = Development|Any CPU
		{069A855D-12C0-3F09-AA0B-12084FDBF780}.DebugGame Editor|Win64.ActiveCfg = Development|Any CPU
		{069A855D-12C0-3F09-AA0B-12084FDBF780}.DebugGame Editor|Win64.Build.0 = Development|Any CPU
		{069A855D-12C0-3F09-AA0B-12084FDBF780}.DebugGame|Win64.ActiveCfg = Development|Any CPU
		{069A855D-12C0-3F09-AA0B-12084FDBF780}.DebugGame|Win64.Build.0 = Development|Any CPU
		{069A855D-12C0-3F09-AA0B-12084FDBF780}.Development Editor|Win64.ActiveCfg = Development|Any CPU
		{069A855D-12C0-3F09-AA0B-12084FDBF780}.Development Editor|Win64.Build.0 = Development|Any CPU
		{069A855D-12C0-3F09-AA0B-12084FDBF780}.Development|Win64.ActiveCfg = Development|Any CPU
		{069A855D-12C0-3F09-AA0B-12084FDBF780}.Development|Win64.Build.0 = Development|Any CPU
		{069A855D-12C0-3F09-AA0B-12084FDBF780}.Shipping|Win64.ActiveCfg = Development|Any CPU
		{069A855D-12C0-3F09-AA0B-12084FDBF780}.Shipping|Win64.Build.0 = Development|Any CPU
		{381248A1-FE73-32ED-8AFC-1C96974C491E}.DebugGame Editor|Win64.ActiveCfg = Development|Any CPU
		{381248A1-FE73-32ED-8AFC-1C96974C491E}.DebugGame Editor|Win64.Build.0 = Development|Any CPU
		{381248A1-FE73-32ED-8AFC-1C96974C491E}.DebugGame|Win64.ActiveCfg = Development|Any CPU
		{381248A1-FE73-32ED-8AFC-1C96974C491E}.DebugGame|Win64.Build.0 = Development|Any CPU
		{381248A1-FE73-32ED-8AFC-1C96974C491E}.Development Editor|Win64.ActiveCfg = Development|Any CPU
		{381248A1-FE73-32ED-8AFC-1C96974C491E}.Development Editor|Win64.Build.0 = Development|Any CPU
		{381248A1-FE73-32ED-8AFC-1C96974C491E}.Development|Win64.ActiveCfg = Development|Any CPU
		{381248A1-FE73-32ED-8AFC-1C96974C491E}.Development|Win64.Build.0 = Development|Any CPU
		{381248A1-FE73-32ED-8AFC-1C96974C491E}.Shipping|Win64.ActiveCfg = Development|Any CPU
		{381248A1-FE73-32ED-8AFC-1C96974C491E}.Shipping|Win64.Build.0 = Development|Any CPU
		{A253DAC7-9DFE-3EEE-833E-74CC79774AA3}.DebugGame Editor|Win64.ActiveCfg = Development|Any CPU
		{A253DAC7-9DFE-3EEE-833E-74CC79774AA3}.DebugGame Editor|Win64.Build.0 = Development|Any CPU
		{A253DAC7-9DFE-3EEE-833E-74CC79774AA3}.DebugGame|Win64.ActiveCfg = Development|Any CPU
		{A253DAC7-9DFE-3EEE-833E-74CC79774AA3}.DebugGame|Win64.Build.0 = Development|Any CPU
		{A253DAC7-9DFE-3EEE-833E-74CC79774AA3}.Development Editor|Win64.ActiveCfg = Development|Any CPU
		{A253DAC7-9DFE-3EEE-833E-74CC79774AA3}.Development Editor|Win64.Build.0 = Development|Any CPU
		{A253DAC7-9DFE-3EEE-833E-74CC79774AA3}.Development|Win64.ActiveCfg = Development|Any CPU
		{A253DAC7-9DFE-3EEE-833E-74CC79774AA3}.Development|Win64.Build.0 = Development|Any CPU
		{A253DAC7-9DFE-3EEE-833E-74CC79774AA3}.Shipping|Win64.ActiveCfg = Development|Any CPU
		{A253DAC7-9DFE-3EEE-833E-74CC79774AA3}.Shipping|Win64.Build.0 = Development|Any CPU
		{E9C219C2-3523-32D9-8154-6AD7A22C8F99}.DebugGame Editor|Win64.ActiveCfg = Development|Any CPU
		{E9C219C2-3523-32D9-8154-6AD7A22C8F99}.DebugGame Editor|Win64.Build.0 = Development|Any CPU
		{E9C219C2-3523-32D9-8154-6AD7A22C8F99}.DebugGame|Win64.ActiveCfg = Development|Any CPU
		{E9C219C2-3523-32D9-8154-6AD7A22C8F99}.DebugGame|Win64.Build.0 = Development|Any CPU
		{E9C219C2-3523-32D9-8154-6AD7A22C8F99}.Development Editor|Win64.ActiveCfg = Development|Any CPU
		{E9C219C2-3523-32D9-8154-6AD7A22C8F99}.Development Editor|Win64.Build.0 = Development|Any CPU
		{E9C219C2-3523-32D9-8154-6AD7A22C8F99}.Development|Win64.ActiveCfg = Development|Any CPU
		{E9C219C2-3523-32D9-8154-6AD7A22C8F99}.Development|Win64.Build.0 = Development|Any CPU
		{E9C219C2-3523-32D9-8154-6AD7A22C8F99}.Shipping|Win64.ActiveCfg = Development|Any CPU
		{E9C219C2-3523-32D9-8154-6AD7A22C8F99}.Shipping|Win64.Build.0 = Development|Any CPU
		{30EA816A-6982-3195-85A0-31E5DAC69B45}.DebugGame Editor|Win64.ActiveCfg = Development|Any CPU
		{30EA816A-6982-3195-85A0-31E5DAC69B45}.DebugGame Editor|Win64.Build.0 = Development|Any CPU
		{30EA816A-6982-3195-85A0-31E5DAC69B45}.DebugGame|Win64.ActiveCfg = Development|Any CPU
		{30EA816A-6982-3195-85A0-31E5DAC69B45}.DebugGame|Win64.Build.0 = Development|Any CPU
		{30EA816A-6982-3195-85A0-31E5DAC69B45}.Development Editor|Win64.ActiveCfg = Development|Any CPU
		{30EA816A-6982-3195-85A0-31E5DAC69B45}.Development Editor|Win64.Build.0 = Development|Any CPU
		{30EA816A-6982-3195-85A0-31E5DAC69B45}.Development|Win64.ActiveCfg = Development|Any CPU
		{30EA816A-6982-3195-85A0-31E5DAC69B45}.Development|Win64.Build.0 = Development|Any CPU
		{30EA816A-6982-3195-85A0-31E5DAC69B45}.Shipping|Win64.ActiveCfg = Development|Any CPU
		{30EA816A-6982-3195-85A0-31E5DAC69B45}.Shipping|Win64.Build.0 = Development|Any CPU
		{E2452AB3-6C43-3B78-81B7-079B37EE00F9}.DebugGame Editor|Win64.ActiveCfg = Development|Any CPU
		{E2452AB3-6C43-3B78-81B7-079B37EE00F9}.DebugGame Editor|Win64.Build.0 = Development|Any CPU
		{E2452AB3-6C43-3B78-81B7-079B37EE00F9}.DebugGame|Win64.ActiveCfg = Development|Any CPU
		{E2452AB3-6C43-3B78-81B7-079B37EE00F9}.DebugGame|Win64.Build.0 = Development|Any CPU
		{E2452AB3-6C43-3B78-81B7-079B37EE00F9}.Development Editor|Win64.ActiveCfg = Development|Any CPU
		{E2452AB3-6C43-3B78-81B7-079B37EE00F9}.Development Editor|Win64.Build.0 = Development|Any CPU
		{E2452AB3-6C43-3B78-81B7-079B37EE00F9}.Development|Win64.ActiveCfg = Development|Any CPU
		{E2452AB3-6C43-3B78-81B7-079B37EE00F9}.Development|Win64.Build.0 = Development|Any CPU
		{E2452AB3-6C43-3B78-81B7-079B37EE00F9}.Shipping|Win64.ActiveCfg = Development|Any CPU
		{E2452AB3-6C43-3B78-81B7-079B37EE00F9}.Shipping|Win64.Build.0 = Development|Any CPU
		{4668C3BD-D749-3C53-A011-6DFA5D66BC35}.DebugGame Editor|Win64.ActiveCfg = Development|Any CPU
		{4668C3BD-D749-3C53-A011-6DFA5D66BC35}.DebugGame Editor|Win64.Build.0 = Development|Any CPU
		{4668C3BD-D749-3C53-A011-6DFA5D66BC35}.DebugGame|Win64.ActiveCfg = Development|Any CPU
		{4668C3BD-D749-3C53-A011-6DFA5D66BC35}.DebugGame|Win64.Build.0 = Development|Any CPU
		{4668C3BD-D749-3C53-A011-6DFA5D66BC35}.Development Editor|Win64.ActiveCfg = Development|Any CPU
		{4668C3BD-D749-3C53-A011-6DFA5D66BC35}.Development Editor|Win64.Build.0 = Development|Any CPU
		{4668C3BD-D749-3C53-A011-6DFA5D66BC35}.Development|Win64.ActiveCfg = Development|Any CPU
		{4668C3BD-D749-3C53-A011-6DFA5D66BC35}.Development|Win64.Build.0 = Development|Any CPU
		{4668C3BD-D749-3C53-A011-6DFA5D66BC35}.Shipping|Win64.ActiveCfg = Development|Any CPU
		{4668C3BD-D749-3C53-A011-6DFA5D66BC35}.Shipping|Win64.Build.0 = Development|Any CPU
		{FDEB040B-4285-36F5-826A-005D920B10C8}.DebugGame Editor|Win64.ActiveCfg = Development|Any CPU
		{FDEB040B-4285-36F5-826A-005D920B10C8}.DebugGame Editor|Win64.Build.0 = Development|Any CPU
		{FDEB040B-4285-36F5-826A-005D920B10C8}.DebugGame|Win64.ActiveCfg = Development|Any CPU
		{FDEB040B-4285-36F5-826A-005D920B10C8}.DebugGame|Win64.Build.0 = Development|Any CPU
		{FDEB040B-4285-36F5-826A-005D920B10C8}.Development Editor|Win64.ActiveCfg = Development|Any CPU
		{FDEB040B-4285-36F5-826A-005D920B10C8}.Development Editor|Win64.Build.0 = Development|Any CPU
		{FDEB040B-4285-36F5-826A-005D920B10C8}.Development|Win64.ActiveCfg = Development|Any CPU
		{FDEB040B-4285-36F5-826A-005D920B10C8}.Development|Win64.Build.0 = Development|Any CPU
		{FDEB040B-4285-36F5-826A-005D920B10C8}.Shipping|Win64.ActiveCfg = Development|Any CPU
		{FDEB040B-4285-36F5-826A-005D920B10C8}.Shipping|Win64.Build.0 = Development|Any CPU
		{4446D613-9614-3A32-866B-AD98FCFFD1E2}.DebugGame Editor|Win64.ActiveCfg = Development|Any CPU
		{4446D613-9614-3A32-866B-AD98FCFFD1E2}.DebugGame Editor|Win64.Build.0 = Development|Any CPU
		{4446D613-9614-3A32-866B-AD98FCFFD1E2}.DebugGame|Win64.ActiveCfg = Development|Any CPU
		{4446D613-9614-3A32-866B-AD98FCFFD1E2}.DebugGame|Win64.Build.0 = Development|Any CPU
		{4446D613-9614-3A32-866B-AD98FCFFD1E2}.Development Editor|Win64.ActiveCfg = Development|Any CPU
		{4446D613-9614-3A32-866B-AD98FCFFD1E2}.Development Editor|Win64.Build.0 = Development|Any CPU
		{4446D613-9614-3A32-866B-AD98FCFFD1E2}.Development|Win64.ActiveCfg = Development|Any CPU
		{4446D613-9614-3A32-866B-AD98FCFFD1E2}.Development|Win64.Build.0 = Development|Any CPU
		{4446D613-9614-3A32-866B-AD98FCFFD1E2}.Shipping|Win64.ActiveCfg = Development|Any CPU
		{4446D613-9614-3A32-866B-AD98FCFFD1E2}.Shipping|Win64.Build.0 = Development|Any CPU
		{6A328F4B-482B-3727-99A1-A6D5526FF71E}.DebugGame Editor|Win64.ActiveCfg = Development|Any CPU
		{6A328F4B-482B-3727-99A1-A6D5526FF71E}.DebugGame Editor|Win64.Build.0 = Development|Any CPU
		{6A328F4B-482B-3727-99A1-A6D5526FF71E}.DebugGame|Win64.ActiveCfg = Development|Any CPU
		{6A328F4B-482B-3727-99A1-A6D5526FF71E}.DebugGame|Win64.Build.0 = Development|Any CPU
		{6A328F4B-482B-3727-99A1-A6D5526FF71E}.Development Editor|Win64.ActiveCfg = Development|Any CPU
		{6A328F4B-482B-3727-99A1-A6D5526FF71E}.Development Editor|Win64.Build.0 = Development|Any CPU
		{6A328F4B-482B-3727-99A1-A6D5526FF71E}.Development|Win64.ActiveCfg = Development|Any CPU
		{6A328F4B-482B-3727-99A1-A6D5526FF71E}.Development|Win64.Build.0 = Development|Any CPU
		{6A328F4B-482B-3727-99A1-A6D5526FF71E}.Shipping|Win64.ActiveCfg = Development|Any CPU
		{6A328F4B-482B-3727-99A1-A6D5526FF71E}.Shipping|Win64.Build.0 = Development|Any CPU
		{55B3FFCD-7A59-38D8-B583-C8610AD7BD6F}.DebugGame Editor|Win64.ActiveCfg = Development|Any CPU
		{55B3FFCD-7A59-38D8-B583-C8610AD7BD6F}.DebugGame Editor|Win64.Build.0 = Development|Any CPU
		{55B3FFCD-7A59-38D8-B583-C8610AD7BD6F}.DebugGame|Win64.ActiveCfg = Development|Any CPU
		{55B3FFCD-7A59-38D8-B583-C8610AD7BD6F}.DebugGame|Win64.Build.0 = Development|Any CPU
		{55B3FFCD-7A59-38D8-B583-C8610AD7BD6F}.Development Editor|Win64.ActiveCfg = Development|Any CPU
		{55B3FFCD-7A59-38D8-B583-C8610AD7BD6F}.Development Editor|Win64.Build.0 = Development|Any CPU
		{55B3FFCD-7A59-38D8-B583-C8610AD7BD6F}.Development|Win64.ActiveCfg = Development|Any CPU
		{55B3FFCD-7A59-38D8-B583-C8610AD7BD6F}.Development|Win64.Build.0 = Development|Any CPU
		{55B3FFCD-7A59-38D8-B583-C8610AD7BD6F}.Shipping|Win64.ActiveCfg = Development|Any CPU
		{55B3FFCD-7A59-38D8-B583-C8610AD7BD6F}.Shipping|Win64.Build.0 = Development|Any CPU
		{0EBB1FA7-E3E5-37C2-BC30-96F3EB154CDF}.DebugGame Editor|Win64.ActiveCfg = Development|Any CPU
		{0EBB1FA7-E3E5-37C2-BC30-96F3EB154CDF}.DebugGame Editor|Win64.Build.0 = Development|Any CPU
		{0EBB1FA7-E3E5-37C2-BC30-96F3EB154CDF}.DebugGame|Win64.ActiveCfg = Development|Any CPU
		{0EBB1FA7-E3E5-37C2-BC30-96F3EB154CDF}.DebugGame|Win64.Build.0 = Development|Any CPU
		{0EBB1FA7-E3E5-37C2-BC30-96F3EB154CDF}.Development Editor|Win64.ActiveCfg = Development|Any CPU
		{0EBB1FA7-E3E5-37C2-BC30-96F3EB154CDF}.Development Editor|Win64.Build.0 = Development|Any CPU
		{0EBB1FA7-E3E5-37C2-BC30-96F3EB154CDF}.Development|Win64.ActiveCfg = Development|Any CPU
		{0EBB1FA7-E3E5-37C2-BC30-96F3EB154CDF}.Development|Win64.Build.0 = Development|Any CPU
		{0EBB1FA7-E3E5-37C2-BC30-96F3EB154CDF}.Shipping|Win64.ActiveCfg = Development|Any CPU
		{0EBB1FA7-E3E5-37C2-BC30-96F3EB154CDF}.Shipping|Win64.Build.0 = Development|Any CPU
		{090EA9F6-D62B-3AFA-8A45-8489A7602E75}.DebugGame Editor|Win64.ActiveCfg = Development|Any CPU
		{090EA9F6-D62B-3AFA-8A45-8489A7602E75}.DebugGame Editor|Win64.Build.0 = Development|Any CPU
		{090EA9F6-D62B-3AFA-8A45-8489A7602E75}.DebugGame|Win64.ActiveCfg = Development|Any CPU
		{090EA9F6-D62B-3AFA-8A45-8489A7602E75}.DebugGame|Win64.Build.0 = Development|Any CPU
		{090EA9F6-D62B-3AFA-8A45-8489A7602E75}.Development Editor|Win64.ActiveCfg = Development|Any CPU
		{090EA9F6-D62B-3AFA-8A45-8489A7602E75}.Development Editor|Win64.Build.0 = Development|Any CPU
		{090EA9F6-D62B-3AFA-8A45-8489A7602E75}.Development|Win64.ActiveCfg = Development|Any CPU
		{090EA9F6-D62B-3AFA-8A45-8489A7602E75}.Development|Win64.Build.0 = Development|Any CPU
		{090EA9F6-D62B-3AFA-8A45-8489A7602E75}.Shipping|Win64.ActiveCfg = Development|Any CPU
		{090EA9F6-D62B-3AFA-8A45-8489A7602E75}.Shipping|Win64.Build.0 = Development|Any CPU
		{BE733446-6220-334A-AF46-131773B7EC1E}.DebugGame Editor|Win64.ActiveCfg = Development|Any CPU
		{BE733446-6220-334A-AF46-131773B7EC1E}.DebugGame Editor|Win64.Build.0 = Development|Any CPU
		{BE733446-6220-334A-AF46-131773B7EC1E}.DebugGame|Win64.ActiveCfg = Development|Any CPU
		{BE733446-6220-334A-AF46-131773B7EC1E}.DebugGame|Win64.Build.0 = Development|Any CPU
		{BE733446-6220-334A-AF46-131773B7EC1E}.Development Editor|Win64.ActiveCfg = Development|Any CPU
		{BE733446-6220-334A-AF46-131773B7EC1E}.Development Editor|Win64.Build.0 = Development|Any CPU
		{BE733446-6220-334A-AF46-131773B7EC1E}.Development|Win64.ActiveCfg = Development|Any CPU
		{BE733446-6220-334A-AF46-131773B7EC1E}.Development|Win64.Build.0 = Development|Any CPU
		{BE733446-6220-334A-AF46-131773B7EC1E}.Shipping|Win64.ActiveCfg = Development|Any CPU
		{BE733446-6220-334A-AF46-131773B7EC1E}.Shipping|Win64.Build.0 = Development|Any CPU
		{C1448278-720D-3DB2-90E1-3DE1A755567A}.DebugGame Editor|Win64.ActiveCfg = Development|Any CPU
		{C1448278-720D-3DB2-90E1-3DE1A755567A}.DebugGame Editor|Win64.Build.0 = Development|Any CPU
		{C1448278-720D-3DB2-90E1-3DE1A755567A}.DebugGame|Win64.ActiveCfg = Development|Any CPU
		{C1448278-720D-3DB2-90E1-3DE1A755567A}.DebugGame|Win64.Build.0 = Development|Any CPU
		{C1448278-720D-3DB2-90E1-3DE1A755567A}.Development Editor|Win64.ActiveCfg = Development|Any CPU
		{C1448278-720D-3DB2-90E1-3DE1A755567A}.Development Editor|Win64.Build.0 = Development|Any CPU
		{C1448278-720D-3DB2-90E1-3DE1A755567A}.Development|Win64.ActiveCfg = Development|Any CPU
		{C1448278-720D-3DB2-90E1-3DE1A755567A}.Development|Win64.Build.0 = Development|Any CPU
		{C1448278-720D-3DB2-90E1-3DE1A755567A}.Shipping|Win64.ActiveCfg = Development|Any CPU
		{C1448278-720D-3DB2-90E1-3DE1A755567A}.Shipping|Win64.Build.0 = Development|Any CPU
		{B9773685-FC51-36F6-B113-EE38D86C2C69}.DebugGame Editor|Win64.ActiveCfg = Development|Any CPU
		{B9773685-FC51-36F6-B113-EE38D86C2C69}.DebugGame Editor|Win64.Build.0 = Development|Any CPU
		{B9773685-FC51-36F6-B113-EE38D86C2C69}.DebugGame|Win64.ActiveCfg = Development|Any CPU
		{B9773685-FC51-36F6-B113-EE38D86C2C69}.DebugGame|Win64.Build.0 = Development|Any CPU
		{B9773685-FC51-36F6-B113-EE38D86C2C69}.Development Editor|Win64.ActiveCfg = Development|Any CPU
		{B9773685-FC51-36F6-B113-EE38D86C2C69}.Development Editor|Win64.Build.0 = Development|Any CPU
		{B9773685-FC51-36F6-B113-EE38D86C2C69}.Development|Win64.ActiveCfg = Development|Any CPU
		{B9773685-FC51-36F6-B113-EE38D86C2C69}.Development|Win64.Build.0 = Development|Any CPU
		{B9773685-FC51-36F6-B113-EE38D86C2C69}.Shipping|Win64.ActiveCfg = Development|Any CPU
		{B9773685-FC51-36F6-B113-EE38D86C2C69}.Shipping|Win64.Build.0 = Development|Any CPU
		{78DAFE4B-012A-3D74-93F9-ABB2444FEC1D}.DebugGame Editor|Win64.ActiveCfg = Development|Any CPU
		{78DAFE4B-012A-3D74-93F9-ABB2444FEC1D}.DebugGame Editor|Win64.Build.0 = Development|Any CPU
		{78DAFE4B-012A-3D74-93F9-ABB2444FEC1D}.DebugGame|Win64.ActiveCfg = Development|Any CPU
		{78DAFE4B-012A-3D74-93F9-ABB2444FEC1D}.DebugGame|Win64.Build.0 = Development|Any CPU
		{78DAFE4B-012A-3D74-93F9-ABB2444FEC1D}.Development Editor|Win64.ActiveCfg = Development|Any CPU
		{78DAFE4B-012A-3D74-93F9-ABB2444FEC1D}.Development Editor|Win64.Build.0 = Development|Any CPU
		{78DAFE4B-012A-3D74-93F9-ABB2444FEC1D}.Development|Win64.ActiveCfg = Development|Any CPU
		{78DAFE4B-012A-3D74-93F9-ABB2444FEC1D}.Development|Win64.Build.0 = Development|Any CPU
		{78DAFE4B-012A-3D74-93F9-ABB2444FEC1D}.Shipping|Win64.ActiveCfg = Development|Any CPU
		{78DAFE4B-012A-3D74-93F9-ABB2444FEC1D}.Shipping|Win64.Build.0 = Development|Any CPU
		{4D466075-A632-39EA-9711-05AA01C386B8}.DebugGame Editor|Win64.ActiveCfg = Development|Any CPU
		{4D466075-A632-39EA-9711-05AA01C386B8}.DebugGame Editor|Win64.Build.0 = Development|Any CPU
		{4D466075-A632-39EA-9711-05AA01C386B8}.DebugGame|Win64.ActiveCfg = Development|Any CPU
		{4D466075-A632-39EA-9711-05AA01C386B8}.DebugGame|Win64.Build.0 = Development|Any CPU
		{4D466075-A632-39EA-9711-05AA01C386B8}.Development Editor|Win64.ActiveCfg = Development|Any CPU
		{4D466075-A632-39EA-9711-05AA01C386B8}.Development Editor|Win64.Build.0 = Development|Any CPU
		{4D466075-A632-39EA-9711-05AA01C386B8}.Development|Win64.ActiveCfg = Development|Any CPU
		{4D466075-A632-39EA-9711-05AA01C386B8}.Development|Win64.Build.0 = Development|Any CPU
		{4D466075-A632-39EA-9711-05AA01C386B8}.Shipping|Win64.ActiveCfg = Development|Any CPU
		{4D466075-A632-39EA-9711-05AA01C386B8}.Shipping|Win64.Build.0 = Development|Any CPU
		{2AA876B8-DDF5-38F9-8F1E-C838B88F351A}.DebugGame Editor|Win64.ActiveCfg = Development|Any CPU
		{2AA876B8-DDF5-38F9-8F1E-C838B88F351A}.DebugGame Editor|Win64.Build.0 = Development|Any CPU
		{2AA876B8-DDF5-38F9-8F1E-C838B88F351A}.DebugGame|Win64.ActiveCfg = Development|Any CPU
		{2AA876B8-DDF5-38F9-8F1E-C838B88F351A}.DebugGame|Win64.Build.0 = Development|Any CPU
		{2AA876B8-DDF5-38F9-8F1E-C838B88F351A}.Development Editor|Win64.ActiveCfg = Development|Any CPU
		{2AA876B8-DDF5-38F9-8F1E-C838B88F351A}.Development Editor|Win64.Build.0 = Development|Any CPU
		{2AA876B8-DDF5-38F9-8F1E-C838B88F351A}.Development|Win64.ActiveCfg = Development|Any CPU
		{2AA876B8-DDF5-38F9-8F1E-C838B88F351A}.Development|Win64.Build.0 = Development|Any CPU
		{2AA876B8-DDF5-38F9-8F1E-C838B88F351A}.Shipping|Win64.ActiveCfg = Development|Any CPU
		{2AA876B8-DDF5-38F9-8F1E-C838B88F351A}.Shipping|Win64.Build.0 = Development|Any CPU
		{33731343-EE36-39B1-8A32-977E338913C9}.DebugGame Editor|Win64.ActiveCfg = Development|Any CPU
		{33731343-EE36-39B1-8A32-977E338913C9}.DebugGame Editor|Win64.Build.0 = Development|Any CPU
		{33731343-EE36-39B1-8A32-977E338913C9}.DebugGame|Win64.ActiveCfg = Development|Any CPU
		{33731343-EE36-39B1-8A32-977E338913C9}.DebugGame|Win64.Build.0 = Development|Any CPU
		{33731343-EE36-39B1-8A32-977E338913C9}.Development Editor|Win64.ActiveCfg = Development|Any CPU
		{33731343-EE36-39B1-8A32-977E338913C9}.Development Editor|Win64.Build.0 = Development|Any CPU
		{33731343-EE36-39B1-8A32-977E338913C9}.Development|Win64.ActiveCfg = Development|Any CPU
		{33731343-EE36-39B1-8A32-977E338913C9}.Development|Win64.Build.0 = Development|Any CPU
		{33731343-EE36-39B1-8A32-977E338913C9}.Shipping|Win64.ActiveCfg = Development|Any CPU
		{33731343-EE36-39B1-8A32-977E338913C9}.Shipping|Win64.Build.0 = Development|Any CPU
		{0F6FD8AD-19D7-35B5-8CCD-2AA84BF6A7B0}.DebugGame Editor|Win64.ActiveCfg = Development|Any CPU
		{0F6FD8AD-19D7-35B5-8CCD-2AA84BF6A7B0}.DebugGame Editor|Win64.Build.0 = Development|Any CPU
		{0F6FD8AD-19D7-35B5-8CCD-2AA84BF6A7B0}.DebugGame|Win64.ActiveCfg = Development|Any CPU
		{0F6FD8AD-19D7-35B5-8CCD-2AA84BF6A7B0}.DebugGame|Win64.Build.0 = Development|Any CPU
		{0F6FD8AD-19D7-35B5-8CCD-2AA84BF6A7B0}.Development Editor|Win64.ActiveCfg = Development|Any CPU
		{0F6FD8AD-19D7-35B5-8CCD-2AA84BF6A7B0}.Development Editor|Win64.Build.0 = Development|Any CPU
		{0F6FD8AD-19D7-35B5-8CCD-2AA84BF6A7B0}.Development|Win64.ActiveCfg = Development|Any CPU
		{0F6FD8AD-19D7-35B5-8CCD-2AA84BF6A7B0}.Development|Win64.Build.0 = Development|Any CPU
		{0F6FD8AD-19D7-35B5-8CCD-2AA84BF6A7B0}.Shipping|Win64.ActiveCfg = Development|Any CPU
		{0F6FD8AD-19D7-35B5-8CCD-2AA84BF6A7B0}.Shipping|Win64.Build.0 = Development|Any CPU
		{CFA4D4A1-E935-3163-92F8-7D8AE3522199}.DebugGame Editor|Win64.ActiveCfg = Development|Any CPU
		{CFA4D4A1-E935-3163-92F8-7D8AE3522199}.DebugGame Editor|Win64.Build.0 = Development|Any CPU
		{CFA4D4A1-E935-3163-92F8-7D8AE3522199}.DebugGame|Win64.ActiveCfg = Development|Any CPU
		{CFA4D4A1-E935-3163-92F8-7D8AE3522199}.DebugGame|Win64.Build.0 = Development|Any CPU
		{CFA4D4A1-E935-3163-92F8-7D8AE3522199}.Development Editor|Win64.ActiveCfg = Development|Any CPU
		{CFA4D4A1-E935-3163-92F8-7D8AE3522199}.Development Editor|Win64.Build.0 = Development|Any CPU
		{CFA4D4A1-E935-3163-92F8-7D8AE3522199}.Development|Win64.ActiveCfg = Development|Any CPU
		{CFA4D4A1-E935-3163-92F8-7D8AE3522199}.Development|Win64.Build.0 = Development|Any CPU
		{CFA4D4A1-E935-3163-92F8-7D8AE3522199}.Shipping|Win64.ActiveCfg = Development|Any CPU
		{CFA4D4A1-E935-3163-92F8-7D8AE3522199}.Shipping|Win64.Build.0 = Development|Any CPU
		{D005CE60-EA97-39D3-BF39-E51E15F9D4E8}.DebugGame Editor|Win64.ActiveCfg = Development|Any CPU
		{D005CE60-EA97-39D3-BF39-E51E15F9D4E8}.DebugGame Editor|Win64.Build.0 = Development|Any CPU
		{D005CE60-EA97-39D3-BF39-E51E15F9D4E8}.DebugGame|Win64.ActiveCfg = Development|Any CPU
		{D005CE60-EA97-39D3-BF39-E51E15F9D4E8}.DebugGame|Win64.Build.0 = Development|Any CPU
		{D005CE60-EA97-39D3-BF39-E51E15F9D4E8}.Development Editor|Win64.ActiveCfg = Development|Any CPU
		{D005CE60-EA97-39D3-BF39-E51E15F9D4E8}.Development Editor|Win64.Build.0 = Development|Any CPU
		{D005CE60-EA97-39D3-BF39-E51E15F9D4E8}.Development|Win64.ActiveCfg = Development|Any CPU
		{D005CE60-EA97-39D3-BF39-E51E15F9D4E8}.Development|Win64.Build.0 = Development|Any CPU
		{D005CE60-EA97-39D3-BF39-E51E15F9D4E8}.Shipping|Win64.ActiveCfg = Development|Any CPU
		{D005CE60-EA97-39D3-BF39-E51E15F9D4E8}.Shipping|Win64.Build.0 = Development|Any CPU
		{BD4A4A7A-3382-343E-90DE-833042B6DF7C}.DebugGame Editor|Win64.ActiveCfg = Development|Any CPU
		{BD4A4A7A-3382-343E-90DE-833042B6DF7C}.DebugGame Editor|Win64.Build.0 = Development|Any CPU
		{BD4A4A7A-3382-343E-90DE-833042B6DF7C}.DebugGame|Win64.ActiveCfg = Development|Any CPU
		{BD4A4A7A-3382-343E-90DE-833042B6DF7C}.DebugGame|Win64.Build.0 = Development|Any CPU
		{BD4A4A7A-3382-343E-90DE-833042B6DF7C}.Development Editor|Win64.ActiveCfg = Development|Any CPU
		{BD4A4A7A-3382-343E-90DE-833042B6DF7C}.Development Editor|Win64.Build.0 = Development|Any CPU
		{BD4A4A7A-3382-343E-90DE-833042B6DF7C}.Development|Win64.ActiveCfg = Development|Any CPU
		{BD4A4A7A-3382-343E-90DE-833042B6DF7C}.Development|Win64.Build.0 = Development|Any CPU
		{BD4A4A7A-3382-343E-90DE-833042B6DF7C}.Shipping|Win64.ActiveCfg = Development|Any CPU
		{BD4A4A7A-3382-343E-90DE-833042B6DF7C}.Shipping|Win64.Build.0 = Development|Any CPU
		{3AE8B2B4-7A68-356F-913A-FAA1C16AF63C}.DebugGame Editor|Win64.ActiveCfg = Development|Any CPU
		{3AE8B2B4-7A68-356F-913A-FAA1C16AF63C}.DebugGame Editor|Win64.Build.0 = Development|Any CPU
		{3AE8B2B4-7A68-356F-913A-FAA1C16AF63C}.DebugGame|Win64.ActiveCfg = Development|Any CPU
		{3AE8B2B4-7A68-356F-913A-FAA1C16AF63C}.DebugGame|Win64.Build.0 = Development|Any CPU
		{3AE8B2B4-7A68-356F-913A-FAA1C16AF63C}.Development Editor|Win64.ActiveCfg = Development|Any CPU
		{3AE8B2B4-7A68-356F-913A-FAA1C16AF63C}.Development Editor|Win64.Build.0 = Development|Any CPU
		{3AE8B2B4-7A68-356F-913A-FAA1C16AF63C}.Development|Win64.ActiveCfg = Development|Any CPU
		{3AE8B2B4-7A68-356F-913A-FAA1C16AF63C}.Development|Win64.Build.0 = Development|Any CPU
		{3AE8B2B4-7A68-356F-913A-FAA1C16AF63C}.Shipping|Win64.ActiveCfg = Development|Any CPU
		{3AE8B2B4-7A68-356F-913A-FAA1C16AF63C}.Shipping|Win64.Build.0 = Development|Any CPU
		{C10A1CD9-96A4-3B42-8EEA-3AE681559E12}.DebugGame Editor|Win64.ActiveCfg = Development|Any CPU
		{C10A1CD9-96A4-3B42-8EEA-3AE681559E12}.DebugGame Editor|Win64.Build.0 = Development|Any CPU
		{C10A1CD9-96A4-3B42-8EEA-3AE681559E12}.DebugGame|Win64.ActiveCfg = Development|Any CPU
		{C10A1CD9-96A4-3B42-8EEA-3AE681559E12}.DebugGame|Win64.Build.0 = Development|Any CPU
		{C10A1CD9-96A4-3B42-8EEA-3AE681559E12}.Development Editor|Win64.ActiveCfg = Development|Any CPU
		{C10A1CD9-96A4-3B42-8EEA-3AE681559E12}.Development Editor|Win64.Build.0 = Development|Any CPU
		{C10A1CD9-96A4-3B42-8EEA-3AE681559E12}.Development|Win64.ActiveCfg = Development|Any CPU
		{C10A1CD9-96A4-3B42-8EEA-3AE681559E12}.Development|Win64.Build.0 = Development|Any CPU
		{C10A1CD9-96A4-3B42-8EEA-3AE681559E12}.Shipping|Win64.ActiveCfg = Development|Any CPU
		{C10A1CD9-96A4-3B42-8EEA-3AE681559E12}.Shipping|Win64.Build.0 = Development|Any CPU
		{B3A1AC86-EFF2-3B0C-ADB0-0DA7CAD3D26C}.DebugGame Editor|Win64.ActiveCfg = Development|Any CPU
		{B3A1AC86-EFF2-3B0C-ADB0-0DA7CAD3D26C}.DebugGame Editor|Win64.Build.0 = Development|Any CPU
		{B3A1AC86-EFF2-3B0C-ADB0-0DA7CAD3D26C}.DebugGame|Win64.ActiveCfg = Development|Any CPU
		{B3A1AC86-EFF2-3B0C-ADB0-0DA7CAD3D26C}.DebugGame|Win64.Build.0 = Development|Any CPU
		{B3A1AC86-EFF2-3B0C-ADB0-0DA7CAD3D26C}.Development Editor|Win64.ActiveCfg = Development|Any CPU
		{B3A1AC86-EFF2-3B0C-ADB0-0DA7CAD3D26C}.Development Editor|Win64.Build.0 = Development|Any CPU
		{B3A1AC86-EFF2-3B0C-ADB0-0DA7CAD3D26C}.Development|Win64.ActiveCfg = Development|Any CPU
		{B3A1AC86-EFF2-3B0C-ADB0-0DA7CAD3D26C}.Development|Win64.Build.0 = Development|Any CPU
		{B3A1AC86-EFF2-3B0C-ADB0-0DA7CAD3D26C}.Shipping|Win64.ActiveCfg = Development|Any CPU
		{B3A1AC86-EFF2-3B0C-ADB0-0DA7CAD3D26C}.Shipping|Win64.Build.0 = Development|Any CPU
		{AD38420B-8D37-3D81-ADBD-95F04BD1A140}.DebugGame Editor|Win64.ActiveCfg = Development|Any CPU
		{AD38420B-8D37-3D81-ADBD-95F04BD1A140}.DebugGame Editor|Win64.Build.0 = Development|Any CPU
		{AD38420B-8D37-3D81-ADBD-95F04BD1A140}.DebugGame|Win64.ActiveCfg = Development|Any CPU
		{AD38420B-8D37-3D81-ADBD-95F04BD1A140}.DebugGame|Win64.Build.0 = Development|Any CPU
		{AD38420B-8D37-3D81-ADBD-95F04BD1A140}.Development Editor|Win64.ActiveCfg = Development|Any CPU
		{AD38420B-8D37-3D81-ADBD-95F04BD1A140}.Development Editor|Win64.Build.0 = Development|Any CPU
		{AD38420B-8D37-3D81-ADBD-95F04BD1A140}.Development|Win64.ActiveCfg = Development|Any CPU
		{AD38420B-8D37-3D81-ADBD-95F04BD1A140}.Development|Win64.Build.0 = Development|Any CPU
		{AD38420B-8D37-3D81-ADBD-95F04BD1A140}.Shipping|Win64.ActiveCfg = Development|Any CPU
		{AD38420B-8D37-3D81-ADBD-95F04BD1A140}.Shipping|Win64.Build.0 = Development|Any CPU
		{F9F8B045-57AF-3C62-A2CF-5036A2C29E66}.DebugGame Editor|Win64.ActiveCfg = Development|Any CPU
		{F9F8B045-57AF-3C62-A2CF-5036A2C29E66}.DebugGame Editor|Win64.Build.0 = Development|Any CPU
		{F9F8B045-57AF-3C62-A2CF-5036A2C29E66}.DebugGame|Win64.ActiveCfg = Development|Any CPU
		{F9F8B045-57AF-3C62-A2CF-5036A2C29E66}.DebugGame|Win64.Build.0 = Development|Any CPU
		{F9F8B045-57AF-3C62-A2CF-5036A2C29E66}.Development Editor|Win64.ActiveCfg = Development|Any CPU
		{F9F8B045-57AF-3C62-A2CF-5036A2C29E66}.Development Editor|Win64.Build.0 = Development|Any CPU
		{F9F8B045-57AF-3C62-A2CF-5036A2C29E66}.Development|Win64.ActiveCfg = Development|Any CPU
		{F9F8B045-57AF-3C62-A2CF-5036A2C29E66}.Development|Win64.Build.0 = Development|Any CPU
		{F9F8B045-57AF-3C62-A2CF-5036A2C29E66}.Shipping|Win64.ActiveCfg = Development|Any CPU
		{F9F8B045-57AF-3C62-A2CF-5036A2C29E66}.Shipping|Win64.Build.0 = Development|Any CPU
		{71B173CA-A15C-3A83-8EDA-789AF8F49432}.DebugGame Editor|Win64.ActiveCfg = Development|Any CPU
		{71B173CA-A15C-3A83-8EDA-789AF8F49432}.DebugGame Editor|Win64.Build.0 = Development|Any CPU
		{71B173CA-A15C-3A83-8EDA-789AF8F49432}.DebugGame|Win64.ActiveCfg = Development|Any CPU
		{71B173CA-A15C-3A83-8EDA-789AF8F49432}.DebugGame|Win64.Build.0 = Development|Any CPU
		{71B173CA-A15C-3A83-8EDA-789AF8F49432}.Development Editor|Win64.ActiveCfg = Development|Any CPU
		{71B173CA-A15C-3A83-8EDA-789AF8F49432}.Development Editor|Win64.Build.0 = Development|Any CPU
		{71B173CA-A15C-3A83-8EDA-789AF8F49432}.Development|Win64.ActiveCfg = Development|Any CPU
		{71B173CA-A15C-3A83-8EDA-789AF8F49432}.Development|Win64.Build.0 = Development|Any CPU
		{71B173CA-A15C-3A83-8EDA-789AF8F49432}.Shipping|Win64.ActiveCfg = Development|Any CPU
		{71B173CA-A15C-3A83-8EDA-789AF8F49432}.Shipping|Win64.Build.0 = Development|Any CPU
		{F2947B2D-3B91-33B7-8ADB-FDE0502C1082}.DebugGame Editor|Win64.ActiveCfg = Development|Any CPU
		{F2947B2D-3B91-33B7-8ADB-FDE0502C1082}.DebugGame Editor|Win64.Build.0 = Development|Any CPU
		{F2947B2D-3B91-33B7-8ADB-FDE0502C1082}.DebugGame|Win64.ActiveCfg = Development|Any CPU
		{F2947B2D-3B91-33B7-8ADB-FDE0502C1082}.DebugGame|Win64.Build.0 = Development|Any CPU
		{F2947B2D-3B91-33B7-8ADB-FDE0502C1082}.Development Editor|Win64.ActiveCfg = Development|Any CPU
		{F2947B2D-3B91-33B7-8ADB-FDE0502C1082}.Development Editor|Win64.Build.0 = Development|Any CPU
		{F2947B2D-3B91-33B7-8ADB-FDE0502C1082}.Development|Win64.ActiveCfg = Development|Any CPU
		{F2947B2D-3B91-33B7-8ADB-FDE0502C1082}.Development|Win64.Build.0 = Development|Any CPU
		{F2947B2D-3B91-33B7-8ADB-FDE0502C1082}.Shipping|Win64.ActiveCfg = Development|Any CPU
		{F2947B2D-3B91-33B7-8ADB-FDE0502C1082}.Shipping|Win64.Build.0 = Development|Any CPU
		{EADA29F4-BE9E-3DB7-8389-29235AD5D489}.DebugGame Editor|Win64.ActiveCfg = Development|Any CPU
		{EADA29F4-BE9E-3DB7-8389-29235AD5D489}.DebugGame Editor|Win64.Build.0 = Development|Any CPU
		{EADA29F4-BE9E-3DB7-8389-29235AD5D489}.DebugGame|Win64.ActiveCfg = Development|Any CPU
		{EADA29F4-BE9E-3DB7-8389-29235AD5D489}.DebugGame|Win64.Build.0 = Development|Any CPU
		{EADA29F4-BE9E-3DB7-8389-29235AD5D489}.Development Editor|Win64.ActiveCfg = Development|Any CPU
		{EADA29F4-BE9E-3DB7-8389-29235AD5D489}.Development Editor|Win64.Build.0 = Development|Any CPU
		{EADA29F4-BE9E-3DB7-8389-29235AD5D489}.Development|Win64.ActiveCfg = Development|Any CPU
		{EADA29F4-BE9E-3DB7-8389-29235AD5D489}.Development|Win64.Build.0 = Development|Any CPU
		{EADA29F4-BE9E-3DB7-8389-29235AD5D489}.Shipping|Win64.ActiveCfg = Development|Any CPU
		{EADA29F4-BE9E-3DB7-8389-29235AD5D489}.Shipping|Win64.Build.0 = Development|Any CPU
		{1F125E34-286D-3D11-903B-349504A35386}.DebugGame Editor|Win64.ActiveCfg = Development|Any CPU
		{1F125E34-286D-3D11-903B-349504A35386}.DebugGame Editor|Win64.Build.0 = Development|Any CPU
		{1F125E34-286D-3D11-903B-349504A35386}.DebugGame|Win64.ActiveCfg = Development|Any CPU
		{1F125E34-286D-3D11-903B-349504A35386}.DebugGame|Win64.Build.0 = Development|Any CPU
		{1F125E34-286D-3D11-903B-349504A35386}.Development Editor|Win64.ActiveCfg = Development|Any CPU
		{1F125E34-286D-3D11-903B-349504A35386}.Development Editor|Win64.Build.0 = Development|Any CPU
		{1F125E34-286D-3D11-903B-349504A35386}.Development|Win64.ActiveCfg = Development|Any CPU
		{1F125E34-286D-3D11-903B-349504A35386}.Development|Win64.Build.0 = Development|Any CPU
		{1F125E34-286D-3D11-903B-349504A35386}.Shipping|Win64.ActiveCfg = Development|Any CPU
		{1F125E34-286D-3D11-903B-349504A35386}.Shipping|Win64.Build.0 = Development|Any CPU
		{95DF07E1-E0EE-3411-B4E3-801D307B0E9B}.DebugGame Editor|Win64.ActiveCfg = Development|Any CPU
		{95DF07E1-E0EE-3411-B4E3-801D307B0E9B}.DebugGame Editor|Win64.Build.0 = Development|Any CPU
		{95DF07E1-E0EE-3411-B4E3-801D307B0E9B}.DebugGame|Win64.ActiveCfg = Development|Any CPU
		{95DF07E1-E0EE-3411-B4E3-801D307B0E9B}.DebugGame|Win64.Build.0 = Development|Any CPU
		{95DF07E1-E0EE-3411-B4E3-801D307B0E9B}.Development Editor|Win64.ActiveCfg = Development|Any CPU
		{95DF07E1-E0EE-3411-B4E3-801D307B0E9B}.Development Editor|Win64.Build.0 = Development|Any CPU
		{95DF07E1-E0EE-3411-B4E3-801D307B0E9B}.Development|Win64.ActiveCfg = Development|Any CPU
		{95DF07E1-E0EE-3411-B4E3-801D307B0E9B}.Development|Win64.Build.0 = Development|Any CPU
		{95DF07E1-E0EE-3411-B4E3-801D307B0E9B}.Shipping|Win64.ActiveCfg = Development|Any CPU
		{95DF07E1-E0EE-3411-B4E3-801D307B0E9B}.Shipping|Win64.Build.0 = Development|Any CPU
		{84CBC12F-18F1-35F0-A385-BD1DD15656EA}.DebugGame Editor|Win64.ActiveCfg = Development|Any CPU
		{84CBC12F-18F1-35F0-A385-BD1DD15656EA}.DebugGame Editor|Win64.Build.0 = Development|Any CPU
		{84CBC12F-18F1-35F0-A385-BD1DD15656EA}.DebugGame|Win64.ActiveCfg = Development|Any CPU
		{84CBC12F-18F1-35F0-A385-BD1DD15656EA}.DebugGame|Win64.Build.0 = Development|Any CPU
		{84CBC12F-18F1-35F0-A385-BD1DD15656EA}.Development Editor|Win64.ActiveCfg = Development|Any CPU
		{84CBC12F-18F1-35F0-A385-BD1DD15656EA}.Development Editor|Win64.Build.0 = Development|Any CPU
		{84CBC12F-18F1-35F0-A385-BD1DD15656EA}.Development|Win64.ActiveCfg = Development|Any CPU
		{84CBC12F-18F1-35F0-A385-BD1DD15656EA}.Development|Win64.Build.0 = Development|Any CPU
		{84CBC12F-18F1-35F0-A385-BD1DD15656EA}.Shipping|Win64.ActiveCfg = Development|Any CPU
		{84CBC12F-18F1-35F0-A385-BD1DD15656EA}.Shipping|Win64.Build.0 = Development|Any CPU
		{2912C0C2-05FF-31F0-B364-9F9A92B753B9}.DebugGame Editor|Win64.ActiveCfg = Development|Any CPU
		{2912C0C2-05FF-31F0-B364-9F9A92B753B9}.DebugGame Editor|Win64.Build.0 = Development|Any CPU
		{2912C0C2-05FF-31F0-B364-9F9A92B753B9}.DebugGame|Win64.ActiveCfg = Development|Any CPU
		{2912C0C2-05FF-31F0-B364-9F9A92B753B9}.DebugGame|Win64.Build.0 = Development|Any CPU
		{2912C0C2-05FF-31F0-B364-9F9A92B753B9}.Development Editor|Win64.ActiveCfg = Development|Any CPU
		{2912C0C2-05FF-31F0-B364-9F9A92B753B9}.Development Editor|Win64.Build.0 = Development|Any CPU
		{2912C0C2-05FF-31F0-B364-9F9A92B753B9}.Development|Win64.ActiveCfg = Development|Any CPU
		{2912C0C2-05FF-31F0-B364-9F9A92B753B9}.Development|Win64.Build.0 = Development|Any CPU
		{2912C0C2-05FF-31F0-B364-9F9A92B753B9}.Shipping|Win64.ActiveCfg = Development|Any CPU
		{2912C0C2-05FF-31F0-B364-9F9A92B753B9}.Shipping|Win64.Build.0 = Development|Any CPU
		{FC092669-6737-3B32-AA0A-9A6370D8F04A}.DebugGame Editor|Win64.ActiveCfg = Development|Any CPU
		{FC092669-6737-3B32-AA0A-9A6370D8F04A}.DebugGame Editor|Win64.Build.0 = Development|Any CPU
		{FC092669-6737-3B32-AA0A-9A6370D8F04A}.DebugGame|Win64.ActiveCfg = Development|Any CPU
		{FC092669-6737-3B32-AA0A-9A6370D8F04A}.DebugGame|Win64.Build.0 = Development|Any CPU
		{FC092669-6737-3B32-AA0A-9A6370D8F04A}.Development Editor|Win64.ActiveCfg = Development|Any CPU
		{FC092669-6737-3B32-AA0A-9A6370D8F04A}.Development Editor|Win64.Build.0 = Development|Any CPU
		{FC092669-6737-3B32-AA0A-9A6370D8F04A}.Development|Win64.ActiveCfg = Development|Any CPU
		{FC092669-6737-3B32-AA0A-9A6370D8F04A}.Development|Win64.Build.0 = Development|Any CPU
		{FC092669-6737-3B32-AA0A-9A6370D8F04A}.Shipping|Win64.ActiveCfg = Development|Any CPU
		{FC092669-6737-3B32-AA0A-9A6370D8F04A}.Shipping|Win64.Build.0 = Development|Any CPU
		{B4B63EBA-F13D-34FF-8E61-1261F1769543}.DebugGame Editor|Win64.ActiveCfg = Development|Any CPU
		{B4B63EBA-F13D-34FF-8E61-1261F1769543}.DebugGame Editor|Win64.Build.0 = Development|Any CPU
		{B4B63EBA-F13D-34FF-8E61-1261F1769543}.DebugGame|Win64.ActiveCfg = Development|Any CPU
		{B4B63EBA-F13D-34FF-8E61-1261F1769543}.DebugGame|Win64.Build.0 = Development|Any CPU
		{B4B63EBA-F13D-34FF-8E61-1261F1769543}.Development Editor|Win64.ActiveCfg = Development|Any CPU
		{B4B63EBA-F13D-34FF-8E61-1261F1769543}.Development Editor|Win64.Build.0 = Development|Any CPU
		{B4B63EBA-F13D-34FF-8E61-1261F1769543}.Development|Win64.ActiveCfg = Development|Any CPU
		{B4B63EBA-F13D-34FF-8E61-1261F1769543}.Development|Win64.Build.0 = Development|Any CPU
		{B4B63EBA-F13D-34FF-8E61-1261F1769543}.Shipping|Win64.ActiveCfg = Development|Any CPU
		{B4B63EBA-F13D-34FF-8E61-1261F1769543}.Shipping|Win64.Build.0 = Development|Any CPU
		{9AF690B8-A689-3371-B777-E1FE15DE5126}.DebugGame Editor|Win64.ActiveCfg = Development|Any CPU
		{9AF690B8-A689-3371-B777-E1FE15DE5126}.DebugGame Editor|Win64.Build.0 = Development|Any CPU
		{9AF690B8-A689-3371-B777-E1FE15DE5126}.DebugGame|Win64.ActiveCfg = Development|Any CPU
		{9AF690B8-A689-3371-B777-E1FE15DE5126}.DebugGame|Win64.Build.0 = Development|Any CPU
		{9AF690B8-A689-3371-B777-E1FE15DE5126}.Development Editor|Win64.ActiveCfg = Development|Any CPU
		{9AF690B8-A689-3371-B777-E1FE15DE5126}.Development Editor|Win64.Build.0 = Development|Any CPU
		{9AF690B8-A689-3371-B777-E1FE15DE5126}.Development|Win64.ActiveCfg = Development|Any CPU
		{9AF690B8-A689-3371-B777-E1FE15DE5126}.Development|Win64.Build.0 = Development|Any CPU
		{9AF690B8-A689-3371-B777-E1FE15DE5126}.Shipping|Win64.ActiveCfg = Development|Any CPU
		{9AF690B8-A689-3371-B777-E1FE15DE5126}.Shipping|Win64.Build.0 = Development|Any CPU
		{4B64A033-B871-3AA2-AA50-D12A5A69D706}.DebugGame Editor|Win64.ActiveCfg = Development|Any CPU
		{4B64A033-B871-3AA2-AA50-D12A5A69D706}.DebugGame Editor|Win64.Build.0 = Development|Any CPU
		{4B64A033-B871-3AA2-AA50-D12A5A69D706}.DebugGame|Win64.ActiveCfg = Development|Any CPU
		{4B64A033-B871-3AA2-AA50-D12A5A69D706}.DebugGame|Win64.Build.0 = Development|Any CPU
		{4B64A033-B871-3AA2-AA50-D12A5A69D706}.Development Editor|Win64.ActiveCfg = Development|Any CPU
		{4B64A033-B871-3AA2-AA50-D12A5A69D706}.Development Editor|Win64.Build.0 = Development|Any CPU
		{4B64A033-B871-3AA2-AA50-D12A5A69D706}.Development|Win64.ActiveCfg = Development|Any CPU
		{4B64A033-B871-3AA2-AA50-D12A5A69D706}.Development|Win64.Build.0 = Development|Any CPU
		{4B64A033-B871-3AA2-AA50-D12A5A69D706}.Shipping|Win64.ActiveCfg = Development|Any CPU
		{4B64A033-B871-3AA2-AA50-D12A5A69D706}.Shipping|Win64.Build.0 = Development|Any CPU
		{78DBFA3A-5AD5-39D2-9BBB-A83582515589}.DebugGame Editor|Win64.ActiveCfg = Development|Any CPU
		{78DBFA3A-5AD5-39D2-9BBB-A83582515589}.DebugGame Editor|Win64.Build.0 = Development|Any CPU
		{78DBFA3A-5AD5-39D2-9BBB-A83582515589}.DebugGame|Win64.ActiveCfg = Development|Any CPU
		{78DBFA3A-5AD5-39D2-9BBB-A83582515589}.DebugGame|Win64.Build.0 = Development|Any CPU
		{78DBFA3A-5AD5-39D2-9BBB-A83582515589}.Development Editor|Win64.ActiveCfg = Development|Any CPU
		{78DBFA3A-5AD5-39D2-9BBB-A83582515589}.Development Editor|Win64.Build.0 = Development|Any CPU
		{78DBFA3A-5AD5-39D2-9BBB-A83582515589}.Development|Win64.ActiveCfg = Development|Any CPU
		{78DBFA3A-5AD5-39D2-9BBB-A83582515589}.Development|Win64.Build.0 = Development|Any CPU
		{78DBFA3A-5AD5-39D2-9BBB-A83582515589}.Shipping|Win64.ActiveCfg = Development|Any CPU
		{78DBFA3A-5AD5-39D2-9BBB-A83582515589}.Shipping|Win64.Build.0 = Development|Any CPU
		{05DFEB00-0EA6-38A3-91BA-F32DAFDECD63}.DebugGame Editor|Win64.ActiveCfg = Development|Any CPU
		{05DFEB00-0EA6-38A3-91BA-F32DAFDECD63}.DebugGame Editor|Win64.Build.0 = Development|Any CPU
		{05DFEB00-0EA6-38A3-91BA-F32DAFDECD63}.DebugGame|Win64.ActiveCfg = Development|Any CPU
		{05DFEB00-0EA6-38A3-91BA-F32DAFDECD63}.DebugGame|Win64.Build.0 = Development|Any CPU
		{05DFEB00-0EA6-38A3-91BA-F32DAFDECD63}.Development Editor|Win64.ActiveCfg = Development|Any CPU
		{05DFEB00-0EA6-38A3-91BA-F32DAFDECD63}.Development Editor|Win64.Build.0 = Development|Any CPU
		{05DFEB00-0EA6-38A3-91BA-F32DAFDECD63}.Development|Win64.ActiveCfg = Development|Any CPU
		{05DFEB00-0EA6-38A3-91BA-F32DAFDECD63}.Development|Win64.Build.0 = Development|Any CPU
		{05DFEB00-0EA6-38A3-91BA-F32DAFDECD63}.Shipping|Win64.ActiveCfg = Development|Any CPU
		{05DFEB00-0EA6-38A3-91BA-F32DAFDECD63}.Shipping|Win64.Build.0 = Development|Any CPU
	EndGlobalSection
	GlobalSection(SolutionProperties) = preSolution
		HideSolutionNode = FALSE
	EndGlobalSection
	GlobalSection(NestedProjects) = preSolution
		{C8CFA770-197F-38FD-B0BD-E8DD6B306A0C} = {233774A8-CC9D-3FA9-86D1-90573E92B704}
		{C50DAA26-C97E-31DE-9A26-D5A4C28BBED2} = {DE1F8B53-6C02-3C13-9101-A7C8D96F3FF6}
		{C400D4E0-08C7-3262-9D82-BC0AEE5CD3E9} = {A338B9E2-A559-34BE-A46D-F789DD488FAD}
		{EDF78F43-9F50-3922-90E1-6F3E7FFD4CB5} = {A338B9E2-A559-34BE-A46D-F789DD488FAD}
		{0BFBE63A-B98A-3411-8EEB-8918FEC737B3} = {A338B9E2-A559-34BE-A46D-F789DD488FAD}
		{7B5CFB44-F0FB-31DF-AE62-C3C096A29A7B} = {A338B9E2-A559-34BE-A46D-F789DD488FAD}
		{57713676-9DBE-331C-AD10-26632AC9EE0C} = {A338B9E2-A559-34BE-A46D-F789DD488FAD}
		{CCF33E13-D7A4-3550-AC7B-BED23D52183A} = {0BFBE63A-B98A-3411-8EEB-8918FEC737B3}
		{4B308E59-7054-365F-9D0E-905430A61BEF} = {0BFBE63A-B98A-3411-8EEB-8918FEC737B3}
		{069A855D-12C0-3F09-AA0B-12084FDBF780} = {0BFBE63A-B98A-3411-8EEB-8918FEC737B3}
		{381248A1-FE73-32ED-8AFC-1C96974C491E} = {0BFBE63A-B98A-3411-8EEB-8918FEC737B3}
		{A253DAC7-9DFE-3EEE-833E-74CC79774AA3} = {0BFBE63A-B98A-3411-8EEB-8918FEC737B3}
		{E9C219C2-3523-32D9-8154-6AD7A22C8F99} = {0BFBE63A-B98A-3411-8EEB-8918FEC737B3}
		{30EA816A-6982-3195-85A0-31E5DAC69B45} = {0BFBE63A-B98A-3411-8EEB-8918FEC737B3}
		{E2452AB3-6C43-3B78-81B7-079B37EE00F9} = {0BFBE63A-B98A-3411-8EEB-8918FEC737B3}
		{4668C3BD-D749-3C53-A011-6DFA5D66BC35} = {0BFBE63A-B98A-3411-8EEB-8918FEC737B3}
		{FDEB040B-4285-36F5-826A-005D920B10C8} = {0BFBE63A-B98A-3411-8EEB-8918FEC737B3}
		{4446D613-9614-3A32-866B-AD98FCFFD1E2} = {0BFBE63A-B98A-3411-8EEB-8918FEC737B3}
		{6A328F4B-482B-3727-99A1-A6D5526FF71E} = {0BFBE63A-B98A-3411-8EEB-8918FEC737B3}
		{55B3FFCD-7A59-38D8-B583-C8610AD7BD6F} = {0BFBE63A-B98A-3411-8EEB-8918FEC737B3}
		{0EBB1FA7-E3E5-37C2-BC30-96F3EB154CDF} = {0BFBE63A-B98A-3411-8EEB-8918FEC737B3}
		{090EA9F6-D62B-3AFA-8A45-8489A7602E75} = {0BFBE63A-B98A-3411-8EEB-8918FEC737B3}
		{BE733446-6220-334A-AF46-131773B7EC1E} = {0BFBE63A-B98A-3411-8EEB-8918FEC737B3}
		{C1448278-720D-3DB2-90E1-3DE1A755567A} = {0BFBE63A-B98A-3411-8EEB-8918FEC737B3}
		{B9773685-FC51-36F6-B113-EE38D86C2C69} = {0BFBE63A-B98A-3411-8EEB-8918FEC737B3}
		{78DAFE4B-012A-3D74-93F9-ABB2444FEC1D} = {0BFBE63A-B98A-3411-8EEB-8918FEC737B3}
		{4D466075-A632-39EA-9711-05AA01C386B8} = {0BFBE63A-B98A-3411-8EEB-8918FEC737B3}
		{2AA876B8-DDF5-38F9-8F1E-C838B88F351A} = {7B5CFB44-F0FB-31DF-AE62-C3C096A29A7B}
		{33731343-EE36-39B1-8A32-977E338913C9} = {57713676-9DBE-331C-AD10-26632AC9EE0C}
		{0F6FD8AD-19D7-35B5-8CCD-2AA84BF6A7B0} = {57713676-9DBE-331C-AD10-26632AC9EE0C}
		{CFA4D4A1-E935-3163-92F8-7D8AE3522199} = {57713676-9DBE-331C-AD10-26632AC9EE0C}
		{D005CE60-EA97-39D3-BF39-E51E15F9D4E8} = {57713676-9DBE-331C-AD10-26632AC9EE0C}
		{BD4A4A7A-3382-343E-90DE-833042B6DF7C} = {57713676-9DBE-331C-AD10-26632AC9EE0C}
		{3AE8B2B4-7A68-356F-913A-FAA1C16AF63C} = {57713676-9DBE-331C-AD10-26632AC9EE0C}
		{C10A1CD9-96A4-3B42-8EEA-3AE681559E12} = {57713676-9DBE-331C-AD10-26632AC9EE0C}
		{B3A1AC86-EFF2-3B0C-ADB0-0DA7CAD3D26C} = {57713676-9DBE-331C-AD10-26632AC9EE0C}
		{AD38420B-8D37-3D81-ADBD-95F04BD1A140} = {57713676-9DBE-331C-AD10-26632AC9EE0C}
		{F9F8B045-57AF-3C62-A2CF-5036A2C29E66} = {57713676-9DBE-331C-AD10-26632AC9EE0C}
		{71B173CA-A15C-3A83-8EDA-789AF8F49432} = {57713676-9DBE-331C-AD10-26632AC9EE0C}
		{F2947B2D-3B91-33B7-8ADB-FDE0502C1082} = {57713676-9DBE-331C-AD10-26632AC9EE0C}
		{EADA29F4-BE9E-3DB7-8389-29235AD5D489} = {57713676-9DBE-331C-AD10-26632AC9EE0C}
		{1F125E34-286D-3D11-903B-349504A35386} = {57713676-9DBE-331C-AD10-26632AC9EE0C}
		{95DF07E1-E0EE-3411-B4E3-801D307B0E9B} = {57713676-9DBE-331C-AD10-26632AC9EE0C}
		{84CBC12F-18F1-35F0-A385-BD1DD15656EA} = {57713676-9DBE-331C-AD10-26632AC9EE0C}
		{2912C0C2-05FF-31F0-B364-9F9A92B753B9} = {57713676-9DBE-331C-AD10-26632AC9EE0C}
		{FC092669-6737-3B32-AA0A-9A6370D8F04A} = {57713676-9DBE-331C-AD10-26632AC9EE0C}
		{B4B63EBA-F13D-34FF-8E61-1261F1769543} = {57713676-9DBE-331C-AD10-26632AC9EE0C}
		{9AF690B8-A689-3371-B777-E1FE15DE5126} = {57713676-9DBE-331C-AD10-26632AC9EE0C}
		{4B64A033-B871-3AA2-AA50-D12A5A69D706} = {C2F57ECE-B26F-39D8-BDA7-C1D40BD8F180}
		{78DBFA3A-5AD5-39D2-9BBB-A83582515589} = {C2F57ECE-B26F-39D8-BDA7-C1D40BD8F180}
		{05DFEB00-0EA6-38A3-91BA-F32DAFDECD63} = {C2F57ECE-B26F-39D8-BDA7-C1D40BD8F180}
	EndGlobalSection
EndGlobal
