
Microsoft Visual Studio Solution File, Format Version 12.00
# Visual Studio Version 17
VisualStudioVersion = 17.0.31314.256
MinimumVisualStudioVersion = 10.0.40219.1
Project("{2150E333-8FDC-42A3-9474-1A3956D46DE8}") = "Automation", "Automation", "{0BFBE63A-B98A-3411-8EEB-8918FEC737B3}"
EndProject
Project("{2150E333-8FDC-42A3-9474-1A3956D46DE8}") = "Engine", "Engine", "{233774A8-CC9D-3FA9-86D1-90573E92B704}"
EndProject
Project("{2150E333-8FDC-42A3-9474-1A3956D46DE8}") = "Games", "Games", "{DE1F8B53-6C02-3C13-9101-A7C8D96F3FF6}"
EndProject
Project("{2150E333-8FDC-42A3-9474-1A3956D46DE8}") = "Programs", "Programs", "{A338B9E2-A559-34BE-A46D-F789DD488FAD}"
EndProject
Project("{2150E333-8FDC-42A3-9474-1A3956D46DE8}") = "Rules", "Rules", "{C2F57ECE-B26F-39D8-BDA7-C1D40BD8F180}"
EndProject
Project("{2150E333-8FDC-42A3-9474-1A3956D46DE8}") = "Shared", "Shared", "{57713676-9DBE-331C-AD10-26632AC9EE0C}"
EndProject
Project("{2150E333-8FDC-42A3-9474-1A3956D46DE8}") = "UnrealBuildTool.Plugins", "UnrealBuildTool.Plugins", "{7B5CFB44-F0FB-31DF-AE62-C3C096A29A7B}"
EndProject
Project("{8BC9CEB8-8B4A-11D0-8D11-00A0C91BC942}") = "EpochsOfAscension", "Intermediate\ProjectFiles\EpochsOfAscension.vcxproj", "{A30D4EAB-4AB4-38EF-99C7-E9D68A47B42D}"
	ProjectSection(ProjectDependencies) = postProject
		{ACDEDF82-1133-317D-AEC8-790CAFB7C0B8} = {ACDEDF82-1133-317D-AEC8-790CAFB7C0B8}
	EndProjectSection
EndProject
Project("{8BC9CEB8-8B4A-11D0-8D11-00A0C91BC942}") = "UE5", "Intermediate\ProjectFiles\UE5.vcxproj", "{8F39B087-452A-3103-9256-C9CB60D526AC}"
EndProject
Project("{FAE04EC0-301F-11D3-BF4B-00C04F79EFBC}") = "UnrealBuildTool", "..\..\..\Unreal_Engine\UE_5.3\Engine\Source\Programs\UnrealBuildTool\UnrealBuildTool.csproj", "{ACDEDF82-1133-317D-AEC8-790CAFB7C0B8}"
EndProject
Project("{FAE04EC0-301F-11D3-BF4B-00C04F79EFBC}") = "AutomationTool", "..\..\..\Unreal_Engine\UE_5.3\Engine\Source\Programs\AutomationTool\AutomationTool.csproj", "{FF5FB600-F54D-3A0B-83D1-A0F9F14AFA6C}"
EndProject
Project("{FAE04EC0-301F-11D3-BF4B-00C04F79EFBC}") = "Android.Automation", "..\..\..\Unreal_Engine\UE_5.3\Engine\Source\Programs\AutomationTool\Android\Android.Automation.csproj", "{AB80A08D-8B4B-30B6-818A-3A5B4C633FCA}"
EndProject
Project("{FAE04EC0-301F-11D3-BF4B-00C04F79EFBC}") = "Apple.Automation", "..\..\..\Unreal_Engine\UE_5.3\Engine\Source\Programs\AutomationTool\Apple\Apple.Automation.csproj", "{381CD736-33CB-3CFD-B39F-FAD35FBF158A}"
EndProject
Project("{FAE04EC0-301F-11D3-BF4B-00C04F79EFBC}") = "AutomationUtils.Automation", "..\..\..\Unreal_Engine\UE_5.3\Engine\Source\Programs\AutomationTool\AutomationUtils\AutomationUtils.Automation.csproj", "{027510F4-70CA-3DC3-B2C3-524382FA0517}"
EndProject
Project("{FAE04EC0-301F-11D3-BF4B-00C04F79EFBC}") = "BuildGraph.Automation", "..\..\..\Unreal_Engine\UE_5.3\Engine\Source\Programs\AutomationTool\BuildGraph\BuildGraph.Automation.csproj", "{195525D7-0266-37AC-8B15-6271519C3768}"
EndProject
Project("{FAE04EC0-301F-11D3-BF4B-00C04F79EFBC}") = "CookedEditor.Automation", "..\..\..\Unreal_Engine\UE_5.3\Engine\Source\Programs\AutomationTool\CookedEditor\CookedEditor.Automation.csproj", "{04C6D3D7-070C-30AA-9D4D-BF053CC283ED}"
EndProject
Project("{FAE04EC0-301F-11D3-BF4B-00C04F79EFBC}") = "CrowdinLocalization.Automation", "..\..\..\Unreal_Engine\UE_5.3\Engine\Source\Programs\AutomationTool\CrowdinLocalization\CrowdinLocalization.Automation.csproj", "{4D165EA0-1B8A-3FC0-B7DB-601FDB9EA514}"
EndProject
Project("{FAE04EC0-301F-11D3-BF4B-00C04F79EFBC}") = "Gauntlet.Automation", "..\..\..\Unreal_Engine\UE_5.3\Engine\Source\Programs\AutomationTool\Gauntlet\Gauntlet.Automation.csproj", "{C515100D-9397-3BAA-987A-D6C93133793D}"
EndProject
Project("{FAE04EC0-301F-11D3-BF4B-00C04F79EFBC}") = "IOS.Automation", "..\..\..\Unreal_Engine\UE_5.3\Engine\Source\Programs\AutomationTool\IOS\IOS.Automation.csproj", "{915032C2-1F32-3CF7-B2AB-ECEC16B6731C}"
EndProject
Project("{FAE04EC0-301F-11D3-BF4B-00C04F79EFBC}") = "Linux.Automation", "..\..\..\Unreal_Engine\UE_5.3\Engine\Source\Programs\AutomationTool\Linux\Linux.Automation.csproj", "{D3AFEDD1-1906-346E-86DE-CF7816A958FD}"
EndProject
Project("{FAE04EC0-301F-11D3-BF4B-00C04F79EFBC}") = "Localization.Automation", "..\..\..\Unreal_Engine\UE_5.3\Engine\Source\Programs\AutomationTool\Localization\Localization.Automation.csproj", "{3116A223-95E9-3F9D-B923-BC9AD9BCFF5A}"
EndProject
Project("{FAE04EC0-301F-11D3-BF4B-00C04F79EFBC}") = "LowLevelTests.Automation", "..\..\..\Unreal_Engine\UE_5.3\Engine\Source\Programs\AutomationTool\LowLevelTests\LowLevelTests.Automation.csproj", "{2FFB8238-174E-3565-887E-9AC7890486C6}"
EndProject
Project("{FAE04EC0-301F-11D3-BF4B-00C04F79EFBC}") = "Mac.Automation", "..\..\..\Unreal_Engine\UE_5.3\Engine\Source\Programs\AutomationTool\Mac\Mac.Automation.csproj", "{5E9629B8-0997-37B9-B74F-D6A6EE0BFA16}"
EndProject
Project("{FAE04EC0-301F-11D3-BF4B-00C04F79EFBC}") = "OneSkyLocalization.Automation", "..\..\..\Unreal_Engine\UE_5.3\Engine\Source\Programs\AutomationTool\OneSkyLocalization\OneSkyLocalization.Automation.csproj", "{1C178FD3-CEC5-3827-B5F2-6AAA36BD8569}"
EndProject
Project("{FAE04EC0-301F-11D3-BF4B-00C04F79EFBC}") = "AutomationScripts.Automation", "..\..\..\Unreal_Engine\UE_5.3\Engine\Source\Programs\AutomationTool\Scripts\AutomationScripts.Automation.csproj", "{82A98442-15B2-316F-9F69-D4E4F2AFC8E2}"
EndProject
Project("{FAE04EC0-301F-11D3-BF4B-00C04F79EFBC}") = "SmartlingLocalization.Automation", "..\..\..\Unreal_Engine\UE_5.3\Engine\Source\Programs\AutomationTool\SmartlingLocalization\SmartlingLocalization.Automation.csproj", "{DFB99B60-E177-3667-80F7-0B860088DEB5}"
EndProject
Project("{FAE04EC0-301F-11D3-BF4B-00C04F79EFBC}") = "SteamDeck.Automation", "..\..\..\Unreal_Engine\UE_5.3\Engine\Source\Programs\AutomationTool\SteamDeck\SteamDeck.Automation.csproj", "{25908BDC-7796-3EC0-99E5-D5B3E3E9AAB7}"
EndProject
Project("{FAE04EC0-301F-11D3-BF4B-00C04F79EFBC}") = "TVOS.Automation", "..\..\..\Unreal_Engine\UE_5.3\Engine\Source\Programs\AutomationTool\TVOS\TVOS.Automation.csproj", "{AC5076DF-5543-3906-9172-79280703C108}"
EndProject
Project("{FAE04EC0-301F-11D3-BF4B-00C04F79EFBC}") = "Turnkey.Automation", "..\..\..\Unreal_Engine\UE_5.3\Engine\Source\Programs\AutomationTool\Turnkey\Turnkey.Automation.csproj", "{8159A5F6-8DC3-3423-B61B-8330CAF2E90A}"
EndProject
Project("{FAE04EC0-301F-11D3-BF4B-00C04F79EFBC}") = "Win.Automation", "..\..\..\Unreal_Engine\UE_5.3\Engine\Source\Programs\AutomationTool\Win\Win.Automation.csproj", "{54C6DB73-6885-374A-9279-B2888225F82F}"
EndProject
Project("{FAE04EC0-301F-11D3-BF4B-00C04F79EFBC}") = "XLocLocalization.Automation", "..\..\..\Unreal_Engine\UE_5.3\Engine\Source\Programs\AutomationTool\XLocLocalization\XLocLocalization.Automation.csproj", "{CAEFD17F-20DE-38AC-AE0D-DA415E1AB680}"
EndProject
Project("{FAE04EC0-301F-11D3-BF4B-00C04F79EFBC}") = "ScriptGeneratorUbtPlugin.ubtplugin", "..\..\..\Unreal_Engine\UE_5.3\Engine\Plugins\ScriptPlugin\Source\ScriptGeneratorUbtPlugin\ScriptGeneratorUbtPlugin.ubtplugin.csproj", "{E3C53D00-BA1D-3BE7-A87A-8EE474D65E97}"
EndProject
Project("{FAE04EC0-301F-11D3-BF4B-00C04F79EFBC}") = "EpicGames.AspNet", "..\..\..\Unreal_Engine\UE_5.3\Engine\Source\Programs\Shared\EpicGames.AspNet\EpicGames.AspNet.csproj", "{77EF7489-6714-3835-AFBD-D9F52A98562F}"
EndProject
Project("{FAE04EC0-301F-11D3-BF4B-00C04F79EFBC}") = "EpicGames.Box", "..\..\..\Unreal_Engine\UE_5.3\Engine\Source\Programs\Shared\EpicGames.Box\EpicGames.Box.csproj", "{D4CAE10E-6FCE-3840-9179-4CD41B0DB6C3}"
EndProject
Project("{FAE04EC0-301F-11D3-BF4B-00C04F79EFBC}") = "EpicGames.Build", "..\..\..\Unreal_Engine\UE_5.3\Engine\Source\Programs\Shared\EpicGames.Build\EpicGames.Build.csproj", "{EA896DD6-E632-30A4-9652-A499FAE007E0}"
EndProject
Project("{FAE04EC0-301F-11D3-BF4B-00C04F79EFBC}") = "EpicGames.BuildGraph", "..\..\..\Unreal_Engine\UE_5.3\Engine\Source\Programs\Shared\EpicGames.BuildGraph\EpicGames.BuildGraph.csproj", "{C73A2D2C-4E78-37A3-873F-F9E2AF031EB1}"
EndProject
Project("{FAE04EC0-301F-11D3-BF4B-00C04F79EFBC}") = "EpicGames.Core", "..\..\..\Unreal_Engine\UE_5.3\Engine\Source\Programs\Shared\EpicGames.Core\EpicGames.Core.csproj", "{FBC41FEF-14E2-36D6-A7DE-24499B888867}"
EndProject
Project("{FAE04EC0-301F-11D3-BF4B-00C04F79EFBC}") = "EpicGames.Horde", "..\..\..\Unreal_Engine\UE_5.3\Engine\Source\Programs\Shared\EpicGames.Horde\EpicGames.Horde.csproj", "{7744C741-8A7A-371F-B3BE-04B5089FF4FD}"
EndProject
Project("{FAE04EC0-301F-11D3-BF4B-00C04F79EFBC}") = "EpicGames.IoHash", "..\..\..\Unreal_Engine\UE_5.3\Engine\Source\Programs\Shared\EpicGames.IoHash\EpicGames.IoHash.csproj", "{48FE9078-1008-3947-9509-B4142B8D456E}"
EndProject
Project("{FAE04EC0-301F-11D3-BF4B-00C04F79EFBC}") = "EpicGames.Jupiter", "..\..\..\Unreal_Engine\UE_5.3\Engine\Source\Programs\Shared\EpicGames.Jupiter\EpicGames.Jupiter.csproj", "{77051521-D72E-3409-A70D-6CB18D5368C9}"
EndProject
Project("{FAE04EC0-301F-11D3-BF4B-00C04F79EFBC}") = "EpicGames.MongoDB", "..\..\..\Unreal_Engine\UE_5.3\Engine\Source\Programs\Shared\EpicGames.MongoDB\EpicGames.MongoDB.csproj", "{65C8ECAB-6EFE-37EF-A228-F5E33A25A5B5}"
EndProject
Project("{FAE04EC0-301F-11D3-BF4B-00C04F79EFBC}") = "EpicGames.MsBuild", "..\..\..\Unreal_Engine\UE_5.3\Engine\Source\Programs\Shared\EpicGames.MsBuild\EpicGames.MsBuild.csproj", "{A5023839-9EE4-3C2F-8193-B1A8DEDFC524}"
EndProject
Project("{FAE04EC0-301F-11D3-BF4B-00C04F79EFBC}") = "EpicGames.OIDC", "..\..\..\Unreal_Engine\UE_5.3\Engine\Source\Programs\Shared\EpicGames.OIDC\EpicGames.OIDC.csproj", "{A2D17222-C482-331D-8042-01DC488D14DB}"
EndProject
Project("{FAE04EC0-301F-11D3-BF4B-00C04F79EFBC}") = "EpicGames.Oodle", "..\..\..\Unreal_Engine\UE_5.3\Engine\Source\Programs\Shared\EpicGames.Oodle\EpicGames.Oodle.csproj", "{718E7685-8C89-38D6-970F-1BAA88AC680E}"
EndProject
Project("{FAE04EC0-301F-11D3-BF4B-00C04F79EFBC}") = "EpicGames.Perforce", "..\..\..\Unreal_Engine\UE_5.3\Engine\Source\Programs\Shared\EpicGames.Perforce\EpicGames.Perforce.csproj", "{4E4E133A-AB13-3DC8-8E4B-68C4A185F2DC}"
EndProject
Project("{FAE04EC0-301F-11D3-BF4B-00C04F79EFBC}") = "EpicGames.Perforce.Fixture", "..\..\..\Unreal_Engine\UE_5.3\Engine\Source\Programs\Shared\EpicGames.Perforce.Fixture\EpicGames.Perforce.Fixture.csproj", "{42E238F1-3AC4-3B9E-AA1E-52BC85556FD6}"
EndProject
Project("{FAE04EC0-301F-11D3-BF4B-00C04F79EFBC}") = "EpicGames.Perforce.Managed", "..\..\..\Unreal_Engine\UE_5.3\Engine\Source\Programs\Shared\EpicGames.Perforce.Managed\EpicGames.Perforce.Managed.csproj", "{39F6AA48-F674-33BC-853B-07DC9D9FB858}"
EndProject
Project("{FAE04EC0-301F-11D3-BF4B-00C04F79EFBC}") = "EpicGames.Redis", "..\..\..\Unreal_Engine\UE_5.3\Engine\Source\Programs\Shared\EpicGames.Redis\EpicGames.Redis.csproj", "{1972737F-73D9-32FE-B089-127F9D7E630B}"
EndProject
Project("{FAE04EC0-301F-11D3-BF4B-00C04F79EFBC}") = "EpicGames.Serialization", "..\..\..\Unreal_Engine\UE_5.3\Engine\Source\Programs\Shared\EpicGames.Serialization\EpicGames.Serialization.csproj", "{1A8C98A0-A048-3906-9FF1-FD4C3A68BCB8}"
EndProject
Project("{FAE04EC0-301F-11D3-BF4B-00C04F79EFBC}") = "EpicGames.Slack", "..\..\..\Unreal_Engine\UE_5.3\Engine\Source\Programs\Shared\EpicGames.Slack\EpicGames.Slack.csproj", "{918B6D34-5409-3CCF-9B71-10388B7569CE}"
EndProject
Project("{FAE04EC0-301F-11D3-BF4B-00C04F79EFBC}") = "EpicGames.Tracing", "..\..\..\Unreal_Engine\UE_5.3\Engine\Source\Programs\Shared\EpicGames.Tracing\EpicGames.Tracing.csproj", "{31F83772-5F86-3DFA-A5A4-BED5962ED9B7}"
EndProject
Project("{FAE04EC0-301F-11D3-BF4B-00C04F79EFBC}") = "EpicGames.UHT", "..\..\..\Unreal_Engine\UE_5.3\Engine\Source\Programs\Shared\EpicGames.UHT\EpicGames.UHT.csproj", "{2C9BC084-15D0-3FF1-ABCB-1AAF6B36B065}"
EndProject
Project("{FAE04EC0-301F-11D3-BF4B-00C04F79EFBC}") = "EpochsOfAscensionModuleRules", "Intermediate\Build\BuildRulesProjects\EpochsOfAscensionModuleRules\EpochsOfAscensionModuleRules.csproj", "{B26DB9AD-FB9B-312C-95E5-6219EEE6D03E}"
EndProject
Project("{FAE04EC0-301F-11D3-BF4B-00C04F79EFBC}") = "UE5ProgramRules", "..\..\..\Unreal_Engine\UE_5.3\Engine\Intermediate\Build\BuildRulesProjects\UE5ProgramRules\UE5ProgramRules.csproj", "{E745DA84-5942-396D-8112-416CC08482A2}"
EndProject
Project("{FAE04EC0-301F-11D3-BF4B-00C04F79EFBC}") = "UE5Rules", "..\..\..\Unreal_Engine\UE_5.3\Engine\Intermediate\Build\BuildRulesProjects\UE5Rules\UE5Rules.csproj", "{694D1ED4-D843-3EC9-B045-1AF659D5E526}"
EndProject
Project("{2150E333-8FDC-42A3-9474-1A3956D46DE8}") = "Visualizers", "Visualizers", "{1CCEC849-CC72-4C59-8C36-2F7C38706D4C}"
	ProjectSection(SolutionItems) = preProject
		..\..\..\Unreal_Engine\UE_5.3\Engine\Extras\VisualStudioDebugging\Unreal.natvis = ..\..\..\Unreal_Engine\UE_5.3\Engine\Extras\VisualStudioDebugging\Unreal.natvis
		..\..\..\Unreal_Engine\UE_5.3\Engine\Extras\VisualStudioDebugging\Unreal.natstepfilter = ..\..\..\Unreal_Engine\UE_5.3\Engine\Extras\VisualStudioDebugging\Unreal.natstepfilter
	EndProjectSection
EndProject
Global
	GlobalSection(SolutionConfigurationPlatforms) = preSolution
		DebugGame Editor|Win64 = DebugGame Editor|Win64
		DebugGame|Win64 = DebugGame|Win64
		Development Editor|Win64 = Development Editor|Win64
		Development|Win64 = Development|Win64
		Shipping|Win64 = Shipping|Win64
	EndGlobalSection
	# UnrealVS Section
	GlobalSection(ddbf523f-7eb6-4887-bd51-85a714ff87eb) = preSolution
		AvailablePlatforms=Win64
	EndGlobalSection
	GlobalSection(ProjectConfigurationPlatforms) = postSolution
		{A30D4EAB-4AB4-38EF-99C7-E9D68A47B42D}.DebugGame Editor|Win64.ActiveCfg = DebugGame_Editor|x64
		{A30D4EAB-4AB4-38EF-99C7-E9D68A47B42D}.DebugGame Editor|Win64.Build.0 = DebugGame_Editor|x64
		{A30D4EAB-4AB4-38EF-99C7-E9D68A47B42D}.DebugGame|Win64.ActiveCfg = DebugGame|x64
		{A30D4EAB-4AB4-38EF-99C7-E9D68A47B42D}.DebugGame|Win64.Build.0 = DebugGame|x64
		{A30D4EAB-4AB4-38EF-99C7-E9D68A47B42D}.Development Editor|Win64.ActiveCfg = Development_Editor|x64
		{A30D4EAB-4AB4-38EF-99C7-E9D68A47B42D}.Development Editor|Win64.Build.0 = Development_Editor|x64
		{A30D4EAB-4AB4-38EF-99C7-E9D68A47B42D}.Development|Win64.ActiveCfg = Development|x64
		{A30D4EAB-4AB4-38EF-99C7-E9D68A47B42D}.Development|Win64.Build.0 = Development|x64
		{A30D4EAB-4AB4-38EF-99C7-E9D68A47B42D}.Shipping|Win64.ActiveCfg = Shipping|x64
		{A30D4EAB-4AB4-38EF-99C7-E9D68A47B42D}.Shipping|Win64.Build.0 = Shipping|x64
		{8F39B087-452A-3103-9256-C9CB60D526AC}.DebugGame Editor|Win64.ActiveCfg = BuiltWithUnrealBuildTool|Win64
		{8F39B087-452A-3103-9256-C9CB60D526AC}.DebugGame|Win64.ActiveCfg = BuiltWithUnrealBuildTool|Win64
		{8F39B087-452A-3103-9256-C9CB60D526AC}.Development Editor|Win64.ActiveCfg = BuiltWithUnrealBuildTool|Win64
		{8F39B087-452A-3103-9256-C9CB60D526AC}.Development|Win64.ActiveCfg = BuiltWithUnrealBuildTool|Win64
		{8F39B087-452A-3103-9256-C9CB60D526AC}.Shipping|Win64.ActiveCfg = BuiltWithUnrealBuildTool|Win64
		{ACDEDF82-1133-317D-AEC8-790CAFB7C0B8}.DebugGame Editor|Win64.ActiveCfg = Development|Any CPU
		{ACDEDF82-1133-317D-AEC8-790CAFB7C0B8}.DebugGame Editor|Win64.Build.0 = Development|Any CPU
		{ACDEDF82-1133-317D-AEC8-790CAFB7C0B8}.DebugGame|Win64.ActiveCfg = Development|Any CPU
		{ACDEDF82-1133-317D-AEC8-790CAFB7C0B8}.DebugGame|Win64.Build.0 = Development|Any CPU
		{ACDEDF82-1133-317D-AEC8-790CAFB7C0B8}.Development Editor|Win64.ActiveCfg = Development|Any CPU
		{ACDEDF82-1133-317D-AEC8-790CAFB7C0B8}.Development Editor|Win64.Build.0 = Development|Any CPU
		{ACDEDF82-1133-317D-AEC8-790CAFB7C0B8}.Development|Win64.ActiveCfg = Development|Any CPU
		{ACDEDF82-1133-317D-AEC8-790CAFB7C0B8}.Development|Win64.Build.0 = Development|Any CPU
		{ACDEDF82-1133-317D-AEC8-790CAFB7C0B8}.Shipping|Win64.ActiveCfg = Development|Any CPU
		{ACDEDF82-1133-317D-AEC8-790CAFB7C0B8}.Shipping|Win64.Build.0 = Development|Any CPU
		{FF5FB600-F54D-3A0B-83D1-A0F9F14AFA6C}.DebugGame Editor|Win64.ActiveCfg = Development|Any CPU
		{FF5FB600-F54D-3A0B-83D1-A0F9F14AFA6C}.DebugGame Editor|Win64.Build.0 = Development|Any CPU
		{FF5FB600-F54D-3A0B-83D1-A0F9F14AFA6C}.DebugGame|Win64.ActiveCfg = Development|Any CPU
		{FF5FB600-F54D-3A0B-83D1-A0F9F14AFA6C}.DebugGame|Win64.Build.0 = Development|Any CPU
		{FF5FB600-F54D-3A0B-83D1-A0F9F14AFA6C}.Development Editor|Win64.ActiveCfg = Development|Any CPU
		{FF5FB600-F54D-3A0B-83D1-A0F9F14AFA6C}.Development Editor|Win64.Build.0 = Development|Any CPU
		{FF5FB600-F54D-3A0B-83D1-A0F9F14AFA6C}.Development|Win64.ActiveCfg = Development|Any CPU
		{FF5FB600-F54D-3A0B-83D1-A0F9F14AFA6C}.Development|Win64.Build.0 = Development|Any CPU
		{FF5FB600-F54D-3A0B-83D1-A0F9F14AFA6C}.Shipping|Win64.ActiveCfg = Development|Any CPU
		{FF5FB600-F54D-3A0B-83D1-A0F9F14AFA6C}.Shipping|Win64.Build.0 = Development|Any CPU
		{AB80A08D-8B4B-30B6-818A-3A5B4C633FCA}.DebugGame Editor|Win64.ActiveCfg = Development|Any CPU
		{AB80A08D-8B4B-30B6-818A-3A5B4C633FCA}.DebugGame Editor|Win64.Build.0 = Development|Any CPU
		{AB80A08D-8B4B-30B6-818A-3A5B4C633FCA}.DebugGame|Win64.ActiveCfg = Development|Any CPU
		{AB80A08D-8B4B-30B6-818A-3A5B4C633FCA}.DebugGame|Win64.Build.0 = Development|Any CPU
		{AB80A08D-8B4B-30B6-818A-3A5B4C633FCA}.Development Editor|Win64.ActiveCfg = Development|Any CPU
		{AB80A08D-8B4B-30B6-818A-3A5B4C633FCA}.Development Editor|Win64.Build.0 = Development|Any CPU
		{AB80A08D-8B4B-30B6-818A-3A5B4C633FCA}.Development|Win64.ActiveCfg = Development|Any CPU
		{AB80A08D-8B4B-30B6-818A-3A5B4C633FCA}.Development|Win64.Build.0 = Development|Any CPU
		{AB80A08D-8B4B-30B6-818A-3A5B4C633FCA}.Shipping|Win64.ActiveCfg = Development|Any CPU
		{AB80A08D-8B4B-30B6-818A-3A5B4C633FCA}.Shipping|Win64.Build.0 = Development|Any CPU
		{381CD736-33CB-3CFD-B39F-FAD35FBF158A}.DebugGame Editor|Win64.ActiveCfg = Development|Any CPU
		{381CD736-33CB-3CFD-B39F-FAD35FBF158A}.DebugGame Editor|Win64.Build.0 = Development|Any CPU
		{381CD736-33CB-3CFD-B39F-FAD35FBF158A}.DebugGame|Win64.ActiveCfg = Development|Any CPU
		{381CD736-33CB-3CFD-B39F-FAD35FBF158A}.DebugGame|Win64.Build.0 = Development|Any CPU
		{381CD736-33CB-3CFD-B39F-FAD35FBF158A}.Development Editor|Win64.ActiveCfg = Development|Any CPU
		{381CD736-33CB-3CFD-B39F-FAD35FBF158A}.Development Editor|Win64.Build.0 = Development|Any CPU
		{381CD736-33CB-3CFD-B39F-FAD35FBF158A}.Development|Win64.ActiveCfg = Development|Any CPU
		{381CD736-33CB-3CFD-B39F-FAD35FBF158A}.Development|Win64.Build.0 = Development|Any CPU
		{381CD736-33CB-3CFD-B39F-FAD35FBF158A}.Shipping|Win64.ActiveCfg = Development|Any CPU
		{381CD736-33CB-3CFD-B39F-FAD35FBF158A}.Shipping|Win64.Build.0 = Development|Any CPU
		{027510F4-70CA-3DC3-B2C3-524382FA0517}.DebugGame Editor|Win64.ActiveCfg = Development|Any CPU
		{027510F4-70CA-3DC3-B2C3-524382FA0517}.DebugGame Editor|Win64.Build.0 = Development|Any CPU
		{027510F4-70CA-3DC3-B2C3-524382FA0517}.DebugGame|Win64.ActiveCfg = Development|Any CPU
		{027510F4-70CA-3DC3-B2C3-524382FA0517}.DebugGame|Win64.Build.0 = Development|Any CPU
		{027510F4-70CA-3DC3-B2C3-524382FA0517}.Development Editor|Win64.ActiveCfg = Development|Any CPU
		{027510F4-70CA-3DC3-B2C3-524382FA0517}.Development Editor|Win64.Build.0 = Development|Any CPU
		{027510F4-70CA-3DC3-B2C3-524382FA0517}.Development|Win64.ActiveCfg = Development|Any CPU
		{027510F4-70CA-3DC3-B2C3-524382FA0517}.Development|Win64.Build.0 = Development|Any CPU
		{027510F4-70CA-3DC3-B2C3-524382FA0517}.Shipping|Win64.ActiveCfg = Development|Any CPU
		{027510F4-70CA-3DC3-B2C3-524382FA0517}.Shipping|Win64.Build.0 = Development|Any CPU
		{195525D7-0266-37AC-8B15-6271519C3768}.DebugGame Editor|Win64.ActiveCfg = Development|Any CPU
		{195525D7-0266-37AC-8B15-6271519C3768}.DebugGame Editor|Win64.Build.0 = Development|Any CPU
		{195525D7-0266-37AC-8B15-6271519C3768}.DebugGame|Win64.ActiveCfg = Development|Any CPU
		{195525D7-0266-37AC-8B15-6271519C3768}.DebugGame|Win64.Build.0 = Development|Any CPU
		{195525D7-0266-37AC-8B15-6271519C3768}.Development Editor|Win64.ActiveCfg = Development|Any CPU
		{195525D7-0266-37AC-8B15-6271519C3768}.Development Editor|Win64.Build.0 = Development|Any CPU
		{195525D7-0266-37AC-8B15-6271519C3768}.Development|Win64.ActiveCfg = Development|Any CPU
		{195525D7-0266-37AC-8B15-6271519C3768}.Development|Win64.Build.0 = Development|Any CPU
		{195525D7-0266-37AC-8B15-6271519C3768}.Shipping|Win64.ActiveCfg = Development|Any CPU
		{195525D7-0266-37AC-8B15-6271519C3768}.Shipping|Win64.Build.0 = Development|Any CPU
		{04C6D3D7-070C-30AA-9D4D-BF053CC283ED}.DebugGame Editor|Win64.ActiveCfg = Development|Any CPU
		{04C6D3D7-070C-30AA-9D4D-BF053CC283ED}.DebugGame Editor|Win64.Build.0 = Development|Any CPU
		{04C6D3D7-070C-30AA-9D4D-BF053CC283ED}.DebugGame|Win64.ActiveCfg = Development|Any CPU
		{04C6D3D7-070C-30AA-9D4D-BF053CC283ED}.DebugGame|Win64.Build.0 = Development|Any CPU
		{04C6D3D7-070C-30AA-9D4D-BF053CC283ED}.Development Editor|Win64.ActiveCfg = Development|Any CPU
		{04C6D3D7-070C-30AA-9D4D-BF053CC283ED}.Development Editor|Win64.Build.0 = Development|Any CPU
		{04C6D3D7-070C-30AA-9D4D-BF053CC283ED}.Development|Win64.ActiveCfg = Development|Any CPU
		{04C6D3D7-070C-30AA-9D4D-BF053CC283ED}.Development|Win64.Build.0 = Development|Any CPU
		{04C6D3D7-070C-30AA-9D4D-BF053CC283ED}.Shipping|Win64.ActiveCfg = Development|Any CPU
		{04C6D3D7-070C-30AA-9D4D-BF053CC283ED}.Shipping|Win64.Build.0 = Development|Any CPU
		{4D165EA0-1B8A-3FC0-B7DB-601FDB9EA514}.DebugGame Editor|Win64.ActiveCfg = Development|Any CPU
		{4D165EA0-1B8A-3FC0-B7DB-601FDB9EA514}.DebugGame Editor|Win64.Build.0 = Development|Any CPU
		{4D165EA0-1B8A-3FC0-B7DB-601FDB9EA514}.DebugGame|Win64.ActiveCfg = Development|Any CPU
		{4D165EA0-1B8A-3FC0-B7DB-601FDB9EA514}.DebugGame|Win64.Build.0 = Development|Any CPU
		{4D165EA0-1B8A-3FC0-B7DB-601FDB9EA514}.Development Editor|Win64.ActiveCfg = Development|Any CPU
		{4D165EA0-1B8A-3FC0-B7DB-601FDB9EA514}.Development Editor|Win64.Build.0 = Development|Any CPU
		{4D165EA0-1B8A-3FC0-B7DB-601FDB9EA514}.Development|Win64.ActiveCfg = Development|Any CPU
		{4D165EA0-1B8A-3FC0-B7DB-601FDB9EA514}.Development|Win64.Build.0 = Development|Any CPU
		{4D165EA0-1B8A-3FC0-B7DB-601FDB9EA514}.Shipping|Win64.ActiveCfg = Development|Any CPU
		{4D165EA0-1B8A-3FC0-B7DB-601FDB9EA514}.Shipping|Win64.Build.0 = Development|Any CPU
		{C515100D-9397-3BAA-987A-D6C93133793D}.DebugGame Editor|Win64.ActiveCfg = Development|Any CPU
		{C515100D-9397-3BAA-987A-D6C93133793D}.DebugGame Editor|Win64.Build.0 = Development|Any CPU
		{C515100D-9397-3BAA-987A-D6C93133793D}.DebugGame|Win64.ActiveCfg = Development|Any CPU
		{C515100D-9397-3BAA-987A-D6C93133793D}.DebugGame|Win64.Build.0 = Development|Any CPU
		{C515100D-9397-3BAA-987A-D6C93133793D}.Development Editor|Win64.ActiveCfg = Development|Any CPU
		{C515100D-9397-3BAA-987A-D6C93133793D}.Development Editor|Win64.Build.0 = Development|Any CPU
		{C515100D-9397-3BAA-987A-D6C93133793D}.Development|Win64.ActiveCfg = Development|Any CPU
		{C515100D-9397-3BAA-987A-D6C93133793D}.Development|Win64.Build.0 = Development|Any CPU
		{C515100D-9397-3BAA-987A-D6C93133793D}.Shipping|Win64.ActiveCfg = Development|Any CPU
		{C515100D-9397-3BAA-987A-D6C93133793D}.Shipping|Win64.Build.0 = Development|Any CPU
		{915032C2-1F32-3CF7-B2AB-ECEC16B6731C}.DebugGame Editor|Win64.ActiveCfg = Development|Any CPU
		{915032C2-1F32-3CF7-B2AB-ECEC16B6731C}.DebugGame Editor|Win64.Build.0 = Development|Any CPU
		{915032C2-1F32-3CF7-B2AB-ECEC16B6731C}.DebugGame|Win64.ActiveCfg = Development|Any CPU
		{915032C2-1F32-3CF7-B2AB-ECEC16B6731C}.DebugGame|Win64.Build.0 = Development|Any CPU
		{915032C2-1F32-3CF7-B2AB-ECEC16B6731C}.Development Editor|Win64.ActiveCfg = Development|Any CPU
		{915032C2-1F32-3CF7-B2AB-ECEC16B6731C}.Development Editor|Win64.Build.0 = Development|Any CPU
		{915032C2-1F32-3CF7-B2AB-ECEC16B6731C}.Development|Win64.ActiveCfg = Development|Any CPU
		{915032C2-1F32-3CF7-B2AB-ECEC16B6731C}.Development|Win64.Build.0 = Development|Any CPU
		{915032C2-1F32-3CF7-B2AB-ECEC16B6731C}.Shipping|Win64.ActiveCfg = Development|Any CPU
		{915032C2-1F32-3CF7-B2AB-ECEC16B6731C}.Shipping|Win64.Build.0 = Development|Any CPU
		{D3AFEDD1-1906-346E-86DE-CF7816A958FD}.DebugGame Editor|Win64.ActiveCfg = Development|Any CPU
		{D3AFEDD1-1906-346E-86DE-CF7816A958FD}.DebugGame Editor|Win64.Build.0 = Development|Any CPU
		{D3AFEDD1-1906-346E-86DE-CF7816A958FD}.DebugGame|Win64.ActiveCfg = Development|Any CPU
		{D3AFEDD1-1906-346E-86DE-CF7816A958FD}.DebugGame|Win64.Build.0 = Development|Any CPU
		{D3AFEDD1-1906-346E-86DE-CF7816A958FD}.Development Editor|Win64.ActiveCfg = Development|Any CPU
		{D3AFEDD1-1906-346E-86DE-CF7816A958FD}.Development Editor|Win64.Build.0 = Development|Any CPU
		{D3AFEDD1-1906-346E-86DE-CF7816A958FD}.Development|Win64.ActiveCfg = Development|Any CPU
		{D3AFEDD1-1906-346E-86DE-CF7816A958FD}.Development|Win64.Build.0 = Development|Any CPU
		{D3AFEDD1-1906-346E-86DE-CF7816A958FD}.Shipping|Win64.ActiveCfg = Development|Any CPU
		{D3AFEDD1-1906-346E-86DE-CF7816A958FD}.Shipping|Win64.Build.0 = Development|Any CPU
		{3116A223-95E9-3F9D-B923-BC9AD9BCFF5A}.DebugGame Editor|Win64.ActiveCfg = Development|Any CPU
		{3116A223-95E9-3F9D-B923-BC9AD9BCFF5A}.DebugGame Editor|Win64.Build.0 = Development|Any CPU
		{3116A223-95E9-3F9D-B923-BC9AD9BCFF5A}.DebugGame|Win64.ActiveCfg = Development|Any CPU
		{3116A223-95E9-3F9D-B923-BC9AD9BCFF5A}.DebugGame|Win64.Build.0 = Development|Any CPU
		{3116A223-95E9-3F9D-B923-BC9AD9BCFF5A}.Development Editor|Win64.ActiveCfg = Development|Any CPU
		{3116A223-95E9-3F9D-B923-BC9AD9BCFF5A}.Development Editor|Win64.Build.0 = Development|Any CPU
		{3116A223-95E9-3F9D-B923-BC9AD9BCFF5A}.Development|Win64.ActiveCfg = Development|Any CPU
		{3116A223-95E9-3F9D-B923-BC9AD9BCFF5A}.Development|Win64.Build.0 = Development|Any CPU
		{3116A223-95E9-3F9D-B923-BC9AD9BCFF5A}.Shipping|Win64.ActiveCfg = Development|Any CPU
		{3116A223-95E9-3F9D-B923-BC9AD9BCFF5A}.Shipping|Win64.Build.0 = Development|Any CPU
		{2FFB8238-174E-3565-887E-9AC7890486C6}.DebugGame Editor|Win64.ActiveCfg = Development|Any CPU
		{2FFB8238-174E-3565-887E-9AC7890486C6}.DebugGame Editor|Win64.Build.0 = Development|Any CPU
		{2FFB8238-174E-3565-887E-9AC7890486C6}.DebugGame|Win64.ActiveCfg = Development|Any CPU
		{2FFB8238-174E-3565-887E-9AC7890486C6}.DebugGame|Win64.Build.0 = Development|Any CPU
		{2FFB8238-174E-3565-887E-9AC7890486C6}.Development Editor|Win64.ActiveCfg = Development|Any CPU
		{2FFB8238-174E-3565-887E-9AC7890486C6}.Development Editor|Win64.Build.0 = Development|Any CPU
		{2FFB8238-174E-3565-887E-9AC7890486C6}.Development|Win64.ActiveCfg = Development|Any CPU
		{2FFB8238-174E-3565-887E-9AC7890486C6}.Development|Win64.Build.0 = Development|Any CPU
		{2FFB8238-174E-3565-887E-9AC7890486C6}.Shipping|Win64.ActiveCfg = Development|Any CPU
		{2FFB8238-174E-3565-887E-9AC7890486C6}.Shipping|Win64.Build.0 = Development|Any CPU
		{5E9629B8-0997-37B9-B74F-D6A6EE0BFA16}.DebugGame Editor|Win64.ActiveCfg = Development|Any CPU
		{5E9629B8-0997-37B9-B74F-D6A6EE0BFA16}.DebugGame Editor|Win64.Build.0 = Development|Any CPU
		{5E9629B8-0997-37B9-B74F-D6A6EE0BFA16}.DebugGame|Win64.ActiveCfg = Development|Any CPU
		{5E9629B8-0997-37B9-B74F-D6A6EE0BFA16}.DebugGame|Win64.Build.0 = Development|Any CPU
		{5E9629B8-0997-37B9-B74F-D6A6EE0BFA16}.Development Editor|Win64.ActiveCfg = Development|Any CPU
		{5E9629B8-0997-37B9-B74F-D6A6EE0BFA16}.Development Editor|Win64.Build.0 = Development|Any CPU
		{5E9629B8-0997-37B9-B74F-D6A6EE0BFA16}.Development|Win64.ActiveCfg = Development|Any CPU
		{5E9629B8-0997-37B9-B74F-D6A6EE0BFA16}.Development|Win64.Build.0 = Development|Any CPU
		{5E9629B8-0997-37B9-B74F-D6A6EE0BFA16}.Shipping|Win64.ActiveCfg = Development|Any CPU
		{5E9629B8-0997-37B9-B74F-D6A6EE0BFA16}.Shipping|Win64.Build.0 = Development|Any CPU
		{1C178FD3-CEC5-3827-B5F2-6AAA36BD8569}.DebugGame Editor|Win64.ActiveCfg = Development|Any CPU
		{1C178FD3-CEC5-3827-B5F2-6AAA36BD8569}.DebugGame Editor|Win64.Build.0 = Development|Any CPU
		{1C178FD3-CEC5-3827-B5F2-6AAA36BD8569}.DebugGame|Win64.ActiveCfg = Development|Any CPU
		{1C178FD3-CEC5-3827-B5F2-6AAA36BD8569}.DebugGame|Win64.Build.0 = Development|Any CPU
		{1C178FD3-CEC5-3827-B5F2-6AAA36BD8569}.Development Editor|Win64.ActiveCfg = Development|Any CPU
		{1C178FD3-CEC5-3827-B5F2-6AAA36BD8569}.Development Editor|Win64.Build.0 = Development|Any CPU
		{1C178FD3-CEC5-3827-B5F2-6AAA36BD8569}.Development|Win64.ActiveCfg = Development|Any CPU
		{1C178FD3-CEC5-3827-B5F2-6AAA36BD8569}.Development|Win64.Build.0 = Development|Any CPU
		{1C178FD3-CEC5-3827-B5F2-6AAA36BD8569}.Shipping|Win64.ActiveCfg = Development|Any CPU
		{1C178FD3-CEC5-3827-B5F2-6AAA36BD8569}.Shipping|Win64.Build.0 = Development|Any CPU
		{82A98442-15B2-316F-9F69-D4E4F2AFC8E2}.DebugGame Editor|Win64.ActiveCfg = Development|Any CPU
		{82A98442-15B2-316F-9F69-D4E4F2AFC8E2}.DebugGame Editor|Win64.Build.0 = Development|Any CPU
		{82A98442-15B2-316F-9F69-D4E4F2AFC8E2}.DebugGame|Win64.ActiveCfg = Development|Any CPU
		{82A98442-15B2-316F-9F69-D4E4F2AFC8E2}.DebugGame|Win64.Build.0 = Development|Any CPU
		{82A98442-15B2-316F-9F69-D4E4F2AFC8E2}.Development Editor|Win64.ActiveCfg = Development|Any CPU
		{82A98442-15B2-316F-9F69-D4E4F2AFC8E2}.Development Editor|Win64.Build.0 = Development|Any CPU
		{82A98442-15B2-316F-9F69-D4E4F2AFC8E2}.Development|Win64.ActiveCfg = Development|Any CPU
		{82A98442-15B2-316F-9F69-D4E4F2AFC8E2}.Development|Win64.Build.0 = Development|Any CPU
		{82A98442-15B2-316F-9F69-D4E4F2AFC8E2}.Shipping|Win64.ActiveCfg = Development|Any CPU
		{82A98442-15B2-316F-9F69-D4E4F2AFC8E2}.Shipping|Win64.Build.0 = Development|Any CPU
		{DFB99B60-E177-3667-80F7-0B860088DEB5}.DebugGame Editor|Win64.ActiveCfg = Development|Any CPU
		{DFB99B60-E177-3667-80F7-0B860088DEB5}.DebugGame Editor|Win64.Build.0 = Development|Any CPU
		{DFB99B60-E177-3667-80F7-0B860088DEB5}.DebugGame|Win64.ActiveCfg = Development|Any CPU
		{DFB99B60-E177-3667-80F7-0B860088DEB5}.DebugGame|Win64.Build.0 = Development|Any CPU
		{DFB99B60-E177-3667-80F7-0B860088DEB5}.Development Editor|Win64.ActiveCfg = Development|Any CPU
		{DFB99B60-E177-3667-80F7-0B860088DEB5}.Development Editor|Win64.Build.0 = Development|Any CPU
		{DFB99B60-E177-3667-80F7-0B860088DEB5}.Development|Win64.ActiveCfg = Development|Any CPU
		{DFB99B60-E177-3667-80F7-0B860088DEB5}.Development|Win64.Build.0 = Development|Any CPU
		{DFB99B60-E177-3667-80F7-0B860088DEB5}.Shipping|Win64.ActiveCfg = Development|Any CPU
		{DFB99B60-E177-3667-80F7-0B860088DEB5}.Shipping|Win64.Build.0 = Development|Any CPU
		{25908BDC-7796-3EC0-99E5-D5B3E3E9AAB7}.DebugGame Editor|Win64.ActiveCfg = Development|Any CPU
		{25908BDC-7796-3EC0-99E5-D5B3E3E9AAB7}.DebugGame Editor|Win64.Build.0 = Development|Any CPU
		{25908BDC-7796-3EC0-99E5-D5B3E3E9AAB7}.DebugGame|Win64.ActiveCfg = Development|Any CPU
		{25908BDC-7796-3EC0-99E5-D5B3E3E9AAB7}.DebugGame|Win64.Build.0 = Development|Any CPU
		{25908BDC-7796-3EC0-99E5-D5B3E3E9AAB7}.Development Editor|Win64.ActiveCfg = Development|Any CPU
		{25908BDC-7796-3EC0-99E5-D5B3E3E9AAB7}.Development Editor|Win64.Build.0 = Development|Any CPU
		{25908BDC-7796-3EC0-99E5-D5B3E3E9AAB7}.Development|Win64.ActiveCfg = Development|Any CPU
		{25908BDC-7796-3EC0-99E5-D5B3E3E9AAB7}.Development|Win64.Build.0 = Development|Any CPU
		{25908BDC-7796-3EC0-99E5-D5B3E3E9AAB7}.Shipping|Win64.ActiveCfg = Development|Any CPU
		{25908BDC-7796-3EC0-99E5-D5B3E3E9AAB7}.Shipping|Win64.Build.0 = Development|Any CPU
		{AC5076DF-5543-3906-9172-79280703C108}.DebugGame Editor|Win64.ActiveCfg = Development|Any CPU
		{AC5076DF-5543-3906-9172-79280703C108}.DebugGame Editor|Win64.Build.0 = Development|Any CPU
		{AC5076DF-5543-3906-9172-79280703C108}.DebugGame|Win64.ActiveCfg = Development|Any CPU
		{AC5076DF-5543-3906-9172-79280703C108}.DebugGame|Win64.Build.0 = Development|Any CPU
		{AC5076DF-5543-3906-9172-79280703C108}.Development Editor|Win64.ActiveCfg = Development|Any CPU
		{AC5076DF-5543-3906-9172-79280703C108}.Development Editor|Win64.Build.0 = Development|Any CPU
		{AC5076DF-5543-3906-9172-79280703C108}.Development|Win64.ActiveCfg = Development|Any CPU
		{AC5076DF-5543-3906-9172-79280703C108}.Development|Win64.Build.0 = Development|Any CPU
		{AC5076DF-5543-3906-9172-79280703C108}.Shipping|Win64.ActiveCfg = Development|Any CPU
		{AC5076DF-5543-3906-9172-79280703C108}.Shipping|Win64.Build.0 = Development|Any CPU
		{8159A5F6-8DC3-3423-B61B-8330CAF2E90A}.DebugGame Editor|Win64.ActiveCfg = Development|Any CPU
		{8159A5F6-8DC3-3423-B61B-8330CAF2E90A}.DebugGame Editor|Win64.Build.0 = Development|Any CPU
		{8159A5F6-8DC3-3423-B61B-8330CAF2E90A}.DebugGame|Win64.ActiveCfg = Development|Any CPU
		{8159A5F6-8DC3-3423-B61B-8330CAF2E90A}.DebugGame|Win64.Build.0 = Development|Any CPU
		{8159A5F6-8DC3-3423-B61B-8330CAF2E90A}.Development Editor|Win64.ActiveCfg = Development|Any CPU
		{8159A5F6-8DC3-3423-B61B-8330CAF2E90A}.Development Editor|Win64.Build.0 = Development|Any CPU
		{8159A5F6-8DC3-3423-B61B-8330CAF2E90A}.Development|Win64.ActiveCfg = Development|Any CPU
		{8159A5F6-8DC3-3423-B61B-8330CAF2E90A}.Development|Win64.Build.0 = Development|Any CPU
		{8159A5F6-8DC3-3423-B61B-8330CAF2E90A}.Shipping|Win64.ActiveCfg = Development|Any CPU
		{8159A5F6-8DC3-3423-B61B-8330CAF2E90A}.Shipping|Win64.Build.0 = Development|Any CPU
		{54C6DB73-6885-374A-9279-B2888225F82F}.DebugGame Editor|Win64.ActiveCfg = Development|Any CPU
		{54C6DB73-6885-374A-9279-B2888225F82F}.DebugGame Editor|Win64.Build.0 = Development|Any CPU
		{54C6DB73-6885-374A-9279-B2888225F82F}.DebugGame|Win64.ActiveCfg = Development|Any CPU
		{54C6DB73-6885-374A-9279-B2888225F82F}.DebugGame|Win64.Build.0 = Development|Any CPU
		{54C6DB73-6885-374A-9279-B2888225F82F}.Development Editor|Win64.ActiveCfg = Development|Any CPU
		{54C6DB73-6885-374A-9279-B2888225F82F}.Development Editor|Win64.Build.0 = Development|Any CPU
		{54C6DB73-6885-374A-9279-B2888225F82F}.Development|Win64.ActiveCfg = Development|Any CPU
		{54C6DB73-6885-374A-9279-B2888225F82F}.Development|Win64.Build.0 = Development|Any CPU
		{54C6DB73-6885-374A-9279-B2888225F82F}.Shipping|Win64.ActiveCfg = Development|Any CPU
		{54C6DB73-6885-374A-9279-B2888225F82F}.Shipping|Win64.Build.0 = Development|Any CPU
		{CAEFD17F-20DE-38AC-AE0D-DA415E1AB680}.DebugGame Editor|Win64.ActiveCfg = Development|Any CPU
		{CAEFD17F-20DE-38AC-AE0D-DA415E1AB680}.DebugGame Editor|Win64.Build.0 = Development|Any CPU
		{CAEFD17F-20DE-38AC-AE0D-DA415E1AB680}.DebugGame|Win64.ActiveCfg = Development|Any CPU
		{CAEFD17F-20DE-38AC-AE0D-DA415E1AB680}.DebugGame|Win64.Build.0 = Development|Any CPU
		{CAEFD17F-20DE-38AC-AE0D-DA415E1AB680}.Development Editor|Win64.ActiveCfg = Development|Any CPU
		{CAEFD17F-20DE-38AC-AE0D-DA415E1AB680}.Development Editor|Win64.Build.0 = Development|Any CPU
		{CAEFD17F-20DE-38AC-AE0D-DA415E1AB680}.Development|Win64.ActiveCfg = Development|Any CPU
		{CAEFD17F-20DE-38AC-AE0D-DA415E1AB680}.Development|Win64.Build.0 = Development|Any CPU
		{CAEFD17F-20DE-38AC-AE0D-DA415E1AB680}.Shipping|Win64.ActiveCfg = Development|Any CPU
		{CAEFD17F-20DE-38AC-AE0D-DA415E1AB680}.Shipping|Win64.Build.0 = Development|Any CPU
		{E3C53D00-BA1D-3BE7-A87A-8EE474D65E97}.DebugGame Editor|Win64.ActiveCfg = Development|Any CPU
		{E3C53D00-BA1D-3BE7-A87A-8EE474D65E97}.DebugGame Editor|Win64.Build.0 = Development|Any CPU
		{E3C53D00-BA1D-3BE7-A87A-8EE474D65E97}.DebugGame|Win64.ActiveCfg = Development|Any CPU
		{E3C53D00-BA1D-3BE7-A87A-8EE474D65E97}.DebugGame|Win64.Build.0 = Development|Any CPU
		{E3C53D00-BA1D-3BE7-A87A-8EE474D65E97}.Development Editor|Win64.ActiveCfg = Development|Any CPU
		{E3C53D00-BA1D-3BE7-A87A-8EE474D65E97}.Development Editor|Win64.Build.0 = Development|Any CPU
		{E3C53D00-BA1D-3BE7-A87A-8EE474D65E97}.Development|Win64.ActiveCfg = Development|Any CPU
		{E3C53D00-BA1D-3BE7-A87A-8EE474D65E97}.Development|Win64.Build.0 = Development|Any CPU
		{E3C53D00-BA1D-3BE7-A87A-8EE474D65E97}.Shipping|Win64.ActiveCfg = Development|Any CPU
		{E3C53D00-BA1D-3BE7-A87A-8EE474D65E97}.Shipping|Win64.Build.0 = Development|Any CPU
		{77EF7489-6714-3835-AFBD-D9F52A98562F}.DebugGame Editor|Win64.ActiveCfg = Development|Any CPU
		{77EF7489-6714-3835-AFBD-D9F52A98562F}.DebugGame Editor|Win64.Build.0 = Development|Any CPU
		{77EF7489-6714-3835-AFBD-D9F52A98562F}.DebugGame|Win64.ActiveCfg = Development|Any CPU
		{77EF7489-6714-3835-AFBD-D9F52A98562F}.DebugGame|Win64.Build.0 = Development|Any CPU
		{77EF7489-6714-3835-AFBD-D9F52A98562F}.Development Editor|Win64.ActiveCfg = Development|Any CPU
		{77EF7489-6714-3835-AFBD-D9F52A98562F}.Development Editor|Win64.Build.0 = Development|Any CPU
		{77EF7489-6714-3835-AFBD-D9F52A98562F}.Development|Win64.ActiveCfg = Development|Any CPU
		{77EF7489-6714-3835-AFBD-D9F52A98562F}.Development|Win64.Build.0 = Development|Any CPU
		{77EF7489-6714-3835-AFBD-D9F52A98562F}.Shipping|Win64.ActiveCfg = Development|Any CPU
		{77EF7489-6714-3835-AFBD-D9F52A98562F}.Shipping|Win64.Build.0 = Development|Any CPU
		{D4CAE10E-6FCE-3840-9179-4CD41B0DB6C3}.DebugGame Editor|Win64.ActiveCfg = Development|Any CPU
		{D4CAE10E-6FCE-3840-9179-4CD41B0DB6C3}.DebugGame Editor|Win64.Build.0 = Development|Any CPU
		{D4CAE10E-6FCE-3840-9179-4CD41B0DB6C3}.DebugGame|Win64.ActiveCfg = Development|Any CPU
		{D4CAE10E-6FCE-3840-9179-4CD41B0DB6C3}.DebugGame|Win64.Build.0 = Development|Any CPU
		{D4CAE10E-6FCE-3840-9179-4CD41B0DB6C3}.Development Editor|Win64.ActiveCfg = Development|Any CPU
		{D4CAE10E-6FCE-3840-9179-4CD41B0DB6C3}.Development Editor|Win64.Build.0 = Development|Any CPU
		{D4CAE10E-6FCE-3840-9179-4CD41B0DB6C3}.Development|Win64.ActiveCfg = Development|Any CPU
		{D4CAE10E-6FCE-3840-9179-4CD41B0DB6C3}.Development|Win64.Build.0 = Development|Any CPU
		{D4CAE10E-6FCE-3840-9179-4CD41B0DB6C3}.Shipping|Win64.ActiveCfg = Development|Any CPU
		{D4CAE10E-6FCE-3840-9179-4CD41B0DB6C3}.Shipping|Win64.Build.0 = Development|Any CPU
		{EA896DD6-E632-30A4-9652-A499FAE007E0}.DebugGame Editor|Win64.ActiveCfg = Development|Any CPU
		{EA896DD6-E632-30A4-9652-A499FAE007E0}.DebugGame Editor|Win64.Build.0 = Development|Any CPU
		{EA896DD6-E632-30A4-9652-A499FAE007E0}.DebugGame|Win64.ActiveCfg = Development|Any CPU
		{EA896DD6-E632-30A4-9652-A499FAE007E0}.DebugGame|Win64.Build.0 = Development|Any CPU
		{EA896DD6-E632-30A4-9652-A499FAE007E0}.Development Editor|Win64.ActiveCfg = Development|Any CPU
		{EA896DD6-E632-30A4-9652-A499FAE007E0}.Development Editor|Win64.Build.0 = Development|Any CPU
		{EA896DD6-E632-30A4-9652-A499FAE007E0}.Development|Win64.ActiveCfg = Development|Any CPU
		{EA896DD6-E632-30A4-9652-A499FAE007E0}.Development|Win64.Build.0 = Development|Any CPU
		{EA896DD6-E632-30A4-9652-A499FAE007E0}.Shipping|Win64.ActiveCfg = Development|Any CPU
		{EA896DD6-E632-30A4-9652-A499FAE007E0}.Shipping|Win64.Build.0 = Development|Any CPU
		{C73A2D2C-4E78-37A3-873F-F9E2AF031EB1}.DebugGame Editor|Win64.ActiveCfg = Development|Any CPU
		{C73A2D2C-4E78-37A3-873F-F9E2AF031EB1}.DebugGame Editor|Win64.Build.0 = Development|Any CPU
		{C73A2D2C-4E78-37A3-873F-F9E2AF031EB1}.DebugGame|Win64.ActiveCfg = Development|Any CPU
		{C73A2D2C-4E78-37A3-873F-F9E2AF031EB1}.DebugGame|Win64.Build.0 = Development|Any CPU
		{C73A2D2C-4E78-37A3-873F-F9E2AF031EB1}.Development Editor|Win64.ActiveCfg = Development|Any CPU
		{C73A2D2C-4E78-37A3-873F-F9E2AF031EB1}.Development Editor|Win64.Build.0 = Development|Any CPU
		{C73A2D2C-4E78-37A3-873F-F9E2AF031EB1}.Development|Win64.ActiveCfg = Development|Any CPU
		{C73A2D2C-4E78-37A3-873F-F9E2AF031EB1}.Development|Win64.Build.0 = Development|Any CPU
		{C73A2D2C-4E78-37A3-873F-F9E2AF031EB1}.Shipping|Win64.ActiveCfg = Development|Any CPU
		{C73A2D2C-4E78-37A3-873F-F9E2AF031EB1}.Shipping|Win64.Build.0 = Development|Any CPU
		{FBC41FEF-14E2-36D6-A7DE-24499B888867}.DebugGame Editor|Win64.ActiveCfg = Development|Any CPU
		{FBC41FEF-14E2-36D6-A7DE-24499B888867}.DebugGame Editor|Win64.Build.0 = Development|Any CPU
		{FBC41FEF-14E2-36D6-A7DE-24499B888867}.DebugGame|Win64.ActiveCfg = Development|Any CPU
		{FBC41FEF-14E2-36D6-A7DE-24499B888867}.DebugGame|Win64.Build.0 = Development|Any CPU
		{FBC41FEF-14E2-36D6-A7DE-24499B888867}.Development Editor|Win64.ActiveCfg = Development|Any CPU
		{FBC41FEF-14E2-36D6-A7DE-24499B888867}.Development Editor|Win64.Build.0 = Development|Any CPU
		{FBC41FEF-14E2-36D6-A7DE-24499B888867}.Development|Win64.ActiveCfg = Development|Any CPU
		{FBC41FEF-14E2-36D6-A7DE-24499B888867}.Development|Win64.Build.0 = Development|Any CPU
		{FBC41FEF-14E2-36D6-A7DE-24499B888867}.Shipping|Win64.ActiveCfg = Development|Any CPU
		{FBC41FEF-14E2-36D6-A7DE-24499B888867}.Shipping|Win64.Build.0 = Development|Any CPU
		{7744C741-8A7A-371F-B3BE-04B5089FF4FD}.DebugGame Editor|Win64.ActiveCfg = Development|Any CPU
		{7744C741-8A7A-371F-B3BE-04B5089FF4FD}.DebugGame Editor|Win64.Build.0 = Development|Any CPU
		{7744C741-8A7A-371F-B3BE-04B5089FF4FD}.DebugGame|Win64.ActiveCfg = Development|Any CPU
		{7744C741-8A7A-371F-B3BE-04B5089FF4FD}.DebugGame|Win64.Build.0 = Development|Any CPU
		{7744C741-8A7A-371F-B3BE-04B5089FF4FD}.Development Editor|Win64.ActiveCfg = Development|Any CPU
		{7744C741-8A7A-371F-B3BE-04B5089FF4FD}.Development Editor|Win64.Build.0 = Development|Any CPU
		{7744C741-8A7A-371F-B3BE-04B5089FF4FD}.Development|Win64.ActiveCfg = Development|Any CPU
		{7744C741-8A7A-371F-B3BE-04B5089FF4FD}.Development|Win64.Build.0 = Development|Any CPU
		{7744C741-8A7A-371F-B3BE-04B5089FF4FD}.Shipping|Win64.ActiveCfg = Development|Any CPU
		{7744C741-8A7A-371F-B3BE-04B5089FF4FD}.Shipping|Win64.Build.0 = Development|Any CPU
		{48FE9078-1008-3947-9509-B4142B8D456E}.DebugGame Editor|Win64.ActiveCfg = Development|Any CPU
		{48FE9078-1008-3947-9509-B4142B8D456E}.DebugGame Editor|Win64.Build.0 = Development|Any CPU
		{48FE9078-1008-3947-9509-B4142B8D456E}.DebugGame|Win64.ActiveCfg = Development|Any CPU
		{48FE9078-1008-3947-9509-B4142B8D456E}.DebugGame|Win64.Build.0 = Development|Any CPU
		{48FE9078-1008-3947-9509-B4142B8D456E}.Development Editor|Win64.ActiveCfg = Development|Any CPU
		{48FE9078-1008-3947-9509-B4142B8D456E}.Development Editor|Win64.Build.0 = Development|Any CPU
		{48FE9078-1008-3947-9509-B4142B8D456E}.Development|Win64.ActiveCfg = Development|Any CPU
		{48FE9078-1008-3947-9509-B4142B8D456E}.Development|Win64.Build.0 = Development|Any CPU
		{48FE9078-1008-3947-9509-B4142B8D456E}.Shipping|Win64.ActiveCfg = Development|Any CPU
		{48FE9078-1008-3947-9509-B4142B8D456E}.Shipping|Win64.Build.0 = Development|Any CPU
		{77051521-D72E-3409-A70D-6CB18D5368C9}.DebugGame Editor|Win64.ActiveCfg = Development|Any CPU
		{77051521-D72E-3409-A70D-6CB18D5368C9}.DebugGame Editor|Win64.Build.0 = Development|Any CPU
		{77051521-D72E-3409-A70D-6CB18D5368C9}.DebugGame|Win64.ActiveCfg = Development|Any CPU
		{77051521-D72E-3409-A70D-6CB18D5368C9}.DebugGame|Win64.Build.0 = Development|Any CPU
		{77051521-D72E-3409-A70D-6CB18D5368C9}.Development Editor|Win64.ActiveCfg = Development|Any CPU
		{77051521-D72E-3409-A70D-6CB18D5368C9}.Development Editor|Win64.Build.0 = Development|Any CPU
		{77051521-D72E-3409-A70D-6CB18D5368C9}.Development|Win64.ActiveCfg = Development|Any CPU
		{77051521-D72E-3409-A70D-6CB18D5368C9}.Development|Win64.Build.0 = Development|Any CPU
		{77051521-D72E-3409-A70D-6CB18D5368C9}.Shipping|Win64.ActiveCfg = Development|Any CPU
		{77051521-D72E-3409-A70D-6CB18D5368C9}.Shipping|Win64.Build.0 = Development|Any CPU
		{65C8ECAB-6EFE-37EF-A228-F5E33A25A5B5}.DebugGame Editor|Win64.ActiveCfg = Development|Any CPU
		{65C8ECAB-6EFE-37EF-A228-F5E33A25A5B5}.DebugGame Editor|Win64.Build.0 = Development|Any CPU
		{65C8ECAB-6EFE-37EF-A228-F5E33A25A5B5}.DebugGame|Win64.ActiveCfg = Development|Any CPU
		{65C8ECAB-6EFE-37EF-A228-F5E33A25A5B5}.DebugGame|Win64.Build.0 = Development|Any CPU
		{65C8ECAB-6EFE-37EF-A228-F5E33A25A5B5}.Development Editor|Win64.ActiveCfg = Development|Any CPU
		{65C8ECAB-6EFE-37EF-A228-F5E33A25A5B5}.Development Editor|Win64.Build.0 = Development|Any CPU
		{65C8ECAB-6EFE-37EF-A228-F5E33A25A5B5}.Development|Win64.ActiveCfg = Development|Any CPU
		{65C8ECAB-6EFE-37EF-A228-F5E33A25A5B5}.Development|Win64.Build.0 = Development|Any CPU
		{65C8ECAB-6EFE-37EF-A228-F5E33A25A5B5}.Shipping|Win64.ActiveCfg = Development|Any CPU
		{65C8ECAB-6EFE-37EF-A228-F5E33A25A5B5}.Shipping|Win64.Build.0 = Development|Any CPU
		{A5023839-9EE4-3C2F-8193-B1A8DEDFC524}.DebugGame Editor|Win64.ActiveCfg = Development|Any CPU
		{A5023839-9EE4-3C2F-8193-B1A8DEDFC524}.DebugGame Editor|Win64.Build.0 = Development|Any CPU
		{A5023839-9EE4-3C2F-8193-B1A8DEDFC524}.DebugGame|Win64.ActiveCfg = Development|Any CPU
		{A5023839-9EE4-3C2F-8193-B1A8DEDFC524}.DebugGame|Win64.Build.0 = Development|Any CPU
		{A5023839-9EE4-3C2F-8193-B1A8DEDFC524}.Development Editor|Win64.ActiveCfg = Development|Any CPU
		{A5023839-9EE4-3C2F-8193-B1A8DEDFC524}.Development Editor|Win64.Build.0 = Development|Any CPU
		{A5023839-9EE4-3C2F-8193-B1A8DEDFC524}.Development|Win64.ActiveCfg = Development|Any CPU
		{A5023839-9EE4-3C2F-8193-B1A8DEDFC524}.Development|Win64.Build.0 = Development|Any CPU
		{A5023839-9EE4-3C2F-8193-B1A8DEDFC524}.Shipping|Win64.ActiveCfg = Development|Any CPU
		{A5023839-9EE4-3C2F-8193-B1A8DEDFC524}.Shipping|Win64.Build.0 = Development|Any CPU
		{A2D17222-C482-331D-8042-01DC488D14DB}.DebugGame Editor|Win64.ActiveCfg = Development|Any CPU
		{A2D17222-C482-331D-8042-01DC488D14DB}.DebugGame Editor|Win64.Build.0 = Development|Any CPU
		{A2D17222-C482-331D-8042-01DC488D14DB}.DebugGame|Win64.ActiveCfg = Development|Any CPU
		{A2D17222-C482-331D-8042-01DC488D14DB}.DebugGame|Win64.Build.0 = Development|Any CPU
		{A2D17222-C482-331D-8042-01DC488D14DB}.Development Editor|Win64.ActiveCfg = Development|Any CPU
		{A2D17222-C482-331D-8042-01DC488D14DB}.Development Editor|Win64.Build.0 = Development|Any CPU
		{A2D17222-C482-331D-8042-01DC488D14DB}.Development|Win64.ActiveCfg = Development|Any CPU
		{A2D17222-C482-331D-8042-01DC488D14DB}.Development|Win64.Build.0 = Development|Any CPU
		{A2D17222-C482-331D-8042-01DC488D14DB}.Shipping|Win64.ActiveCfg = Development|Any CPU
		{A2D17222-C482-331D-8042-01DC488D14DB}.Shipping|Win64.Build.0 = Development|Any CPU
		{718E7685-8C89-38D6-970F-1BAA88AC680E}.DebugGame Editor|Win64.ActiveCfg = Development|Any CPU
		{718E7685-8C89-38D6-970F-1BAA88AC680E}.DebugGame Editor|Win64.Build.0 = Development|Any CPU
		{718E7685-8C89-38D6-970F-1BAA88AC680E}.DebugGame|Win64.ActiveCfg = Development|Any CPU
		{718E7685-8C89-38D6-970F-1BAA88AC680E}.DebugGame|Win64.Build.0 = Development|Any CPU
		{718E7685-8C89-38D6-970F-1BAA88AC680E}.Development Editor|Win64.ActiveCfg = Development|Any CPU
		{718E7685-8C89-38D6-970F-1BAA88AC680E}.Development Editor|Win64.Build.0 = Development|Any CPU
		{718E7685-8C89-38D6-970F-1BAA88AC680E}.Development|Win64.ActiveCfg = Development|Any CPU
		{718E7685-8C89-38D6-970F-1BAA88AC680E}.Development|Win64.Build.0 = Development|Any CPU
		{718E7685-8C89-38D6-970F-1BAA88AC680E}.Shipping|Win64.ActiveCfg = Development|Any CPU
		{718E7685-8C89-38D6-970F-1BAA88AC680E}.Shipping|Win64.Build.0 = Development|Any CPU
		{4E4E133A-AB13-3DC8-8E4B-68C4A185F2DC}.DebugGame Editor|Win64.ActiveCfg = Development|Any CPU
		{4E4E133A-AB13-3DC8-8E4B-68C4A185F2DC}.DebugGame Editor|Win64.Build.0 = Development|Any CPU
		{4E4E133A-AB13-3DC8-8E4B-68C4A185F2DC}.DebugGame|Win64.ActiveCfg = Development|Any CPU
		{4E4E133A-AB13-3DC8-8E4B-68C4A185F2DC}.DebugGame|Win64.Build.0 = Development|Any CPU
		{4E4E133A-AB13-3DC8-8E4B-68C4A185F2DC}.Development Editor|Win64.ActiveCfg = Development|Any CPU
		{4E4E133A-AB13-3DC8-8E4B-68C4A185F2DC}.Development Editor|Win64.Build.0 = Development|Any CPU
		{4E4E133A-AB13-3DC8-8E4B-68C4A185F2DC}.Development|Win64.ActiveCfg = Development|Any CPU
		{4E4E133A-AB13-3DC8-8E4B-68C4A185F2DC}.Development|Win64.Build.0 = Development|Any CPU
		{4E4E133A-AB13-3DC8-8E4B-68C4A185F2DC}.Shipping|Win64.ActiveCfg = Development|Any CPU
		{4E4E133A-AB13-3DC8-8E4B-68C4A185F2DC}.Shipping|Win64.Build.0 = Development|Any CPU
		{42E238F1-3AC4-3B9E-AA1E-52BC85556FD6}.DebugGame Editor|Win64.ActiveCfg = Development|Any CPU
		{42E238F1-3AC4-3B9E-AA1E-52BC85556FD6}.DebugGame Editor|Win64.Build.0 = Development|Any CPU
		{42E238F1-3AC4-3B9E-AA1E-52BC85556FD6}.DebugGame|Win64.ActiveCfg = Development|Any CPU
		{42E238F1-3AC4-3B9E-AA1E-52BC85556FD6}.DebugGame|Win64.Build.0 = Development|Any CPU
		{42E238F1-3AC4-3B9E-AA1E-52BC85556FD6}.Development Editor|Win64.ActiveCfg = Development|Any CPU
		{42E238F1-3AC4-3B9E-AA1E-52BC85556FD6}.Development Editor|Win64.Build.0 = Development|Any CPU
		{42E238F1-3AC4-3B9E-AA1E-52BC85556FD6}.Development|Win64.ActiveCfg = Development|Any CPU
		{42E238F1-3AC4-3B9E-AA1E-52BC85556FD6}.Development|Win64.Build.0 = Development|Any CPU
		{42E238F1-3AC4-3B9E-AA1E-52BC85556FD6}.Shipping|Win64.ActiveCfg = Development|Any CPU
		{42E238F1-3AC4-3B9E-AA1E-52BC85556FD6}.Shipping|Win64.Build.0 = Development|Any CPU
		{39F6AA48-F674-33BC-853B-07DC9D9FB858}.DebugGame Editor|Win64.ActiveCfg = Development|Any CPU
		{39F6AA48-F674-33BC-853B-07DC9D9FB858}.DebugGame Editor|Win64.Build.0 = Development|Any CPU
		{39F6AA48-F674-33BC-853B-07DC9D9FB858}.DebugGame|Win64.ActiveCfg = Development|Any CPU
		{39F6AA48-F674-33BC-853B-07DC9D9FB858}.DebugGame|Win64.Build.0 = Development|Any CPU
		{39F6AA48-F674-33BC-853B-07DC9D9FB858}.Development Editor|Win64.ActiveCfg = Development|Any CPU
		{39F6AA48-F674-33BC-853B-07DC9D9FB858}.Development Editor|Win64.Build.0 = Development|Any CPU
		{39F6AA48-F674-33BC-853B-07DC9D9FB858}.Development|Win64.ActiveCfg = Development|Any CPU
		{39F6AA48-F674-33BC-853B-07DC9D9FB858}.Development|Win64.Build.0 = Development|Any CPU
		{39F6AA48-F674-33BC-853B-07DC9D9FB858}.Shipping|Win64.ActiveCfg = Development|Any CPU
		{39F6AA48-F674-33BC-853B-07DC9D9FB858}.Shipping|Win64.Build.0 = Development|Any CPU
		{1972737F-73D9-32FE-B089-127F9D7E630B}.DebugGame Editor|Win64.ActiveCfg = Development|Any CPU
		{1972737F-73D9-32FE-B089-127F9D7E630B}.DebugGame Editor|Win64.Build.0 = Development|Any CPU
		{1972737F-73D9-32FE-B089-127F9D7E630B}.DebugGame|Win64.ActiveCfg = Development|Any CPU
		{1972737F-73D9-32FE-B089-127F9D7E630B}.DebugGame|Win64.Build.0 = Development|Any CPU
		{1972737F-73D9-32FE-B089-127F9D7E630B}.Development Editor|Win64.ActiveCfg = Development|Any CPU
		{1972737F-73D9-32FE-B089-127F9D7E630B}.Development Editor|Win64.Build.0 = Development|Any CPU
		{1972737F-73D9-32FE-B089-127F9D7E630B}.Development|Win64.ActiveCfg = Development|Any CPU
		{1972737F-73D9-32FE-B089-127F9D7E630B}.Development|Win64.Build.0 = Development|Any CPU
		{1972737F-73D9-32FE-B089-127F9D7E630B}.Shipping|Win64.ActiveCfg = Development|Any CPU
		{1972737F-73D9-32FE-B089-127F9D7E630B}.Shipping|Win64.Build.0 = Development|Any CPU
		{1A8C98A0-A048-3906-9FF1-FD4C3A68BCB8}.DebugGame Editor|Win64.ActiveCfg = Development|Any CPU
		{1A8C98A0-A048-3906-9FF1-FD4C3A68BCB8}.DebugGame Editor|Win64.Build.0 = Development|Any CPU
		{1A8C98A0-A048-3906-9FF1-FD4C3A68BCB8}.DebugGame|Win64.ActiveCfg = Development|Any CPU
		{1A8C98A0-A048-3906-9FF1-FD4C3A68BCB8}.DebugGame|Win64.Build.0 = Development|Any CPU
		{1A8C98A0-A048-3906-9FF1-FD4C3A68BCB8}.Development Editor|Win64.ActiveCfg = Development|Any CPU
		{1A8C98A0-A048-3906-9FF1-FD4C3A68BCB8}.Development Editor|Win64.Build.0 = Development|Any CPU
		{1A8C98A0-A048-3906-9FF1-FD4C3A68BCB8}.Development|Win64.ActiveCfg = Development|Any CPU
		{1A8C98A0-A048-3906-9FF1-FD4C3A68BCB8}.Development|Win64.Build.0 = Development|Any CPU
		{1A8C98A0-A048-3906-9FF1-FD4C3A68BCB8}.Shipping|Win64.ActiveCfg = Development|Any CPU
		{1A8C98A0-A048-3906-9FF1-FD4C3A68BCB8}.Shipping|Win64.Build.0 = Development|Any CPU
		{918B6D34-5409-3CCF-9B71-10388B7569CE}.DebugGame Editor|Win64.ActiveCfg = Development|Any CPU
		{918B6D34-5409-3CCF-9B71-10388B7569CE}.DebugGame Editor|Win64.Build.0 = Development|Any CPU
		{918B6D34-5409-3CCF-9B71-10388B7569CE}.DebugGame|Win64.ActiveCfg = Development|Any CPU
		{918B6D34-5409-3CCF-9B71-10388B7569CE}.DebugGame|Win64.Build.0 = Development|Any CPU
		{918B6D34-5409-3CCF-9B71-10388B7569CE}.Development Editor|Win64.ActiveCfg = Development|Any CPU
		{918B6D34-5409-3CCF-9B71-10388B7569CE}.Development Editor|Win64.Build.0 = Development|Any CPU
		{918B6D34-5409-3CCF-9B71-10388B7569CE}.Development|Win64.ActiveCfg = Development|Any CPU
		{918B6D34-5409-3CCF-9B71-10388B7569CE}.Development|Win64.Build.0 = Development|Any CPU
		{918B6D34-5409-3CCF-9B71-10388B7569CE}.Shipping|Win64.ActiveCfg = Development|Any CPU
		{918B6D34-5409-3CCF-9B71-10388B7569CE}.Shipping|Win64.Build.0 = Development|Any CPU
		{31F83772-5F86-3DFA-A5A4-BED5962ED9B7}.DebugGame Editor|Win64.ActiveCfg = Development|Any CPU
		{31F83772-5F86-3DFA-A5A4-BED5962ED9B7}.DebugGame Editor|Win64.Build.0 = Development|Any CPU
		{31F83772-5F86-3DFA-A5A4-BED5962ED9B7}.DebugGame|Win64.ActiveCfg = Development|Any CPU
		{31F83772-5F86-3DFA-A5A4-BED5962ED9B7}.DebugGame|Win64.Build.0 = Development|Any CPU
		{31F83772-5F86-3DFA-A5A4-BED5962ED9B7}.Development Editor|Win64.ActiveCfg = Development|Any CPU
		{31F83772-5F86-3DFA-A5A4-BED5962ED9B7}.Development Editor|Win64.Build.0 = Development|Any CPU
		{31F83772-5F86-3DFA-A5A4-BED5962ED9B7}.Development|Win64.ActiveCfg = Development|Any CPU
		{31F83772-5F86-3DFA-A5A4-BED5962ED9B7}.Development|Win64.Build.0 = Development|Any CPU
		{31F83772-5F86-3DFA-A5A4-BED5962ED9B7}.Shipping|Win64.ActiveCfg = Development|Any CPU
		{31F83772-5F86-3DFA-A5A4-BED5962ED9B7}.Shipping|Win64.Build.0 = Development|Any CPU
		{2C9BC084-15D0-3FF1-ABCB-1AAF6B36B065}.DebugGame Editor|Win64.ActiveCfg = Development|Any CPU
		{2C9BC084-15D0-3FF1-ABCB-1AAF6B36B065}.DebugGame Editor|Win64.Build.0 = Development|Any CPU
		{2C9BC084-15D0-3FF1-ABCB-1AAF6B36B065}.DebugGame|Win64.ActiveCfg = Development|Any CPU
		{2C9BC084-15D0-3FF1-ABCB-1AAF6B36B065}.DebugGame|Win64.Build.0 = Development|Any CPU
		{2C9BC084-15D0-3FF1-ABCB-1AAF6B36B065}.Development Editor|Win64.ActiveCfg = Development|Any CPU
		{2C9BC084-15D0-3FF1-ABCB-1AAF6B36B065}.Development Editor|Win64.Build.0 = Development|Any CPU
		{2C9BC084-15D0-3FF1-ABCB-1AAF6B36B065}.Development|Win64.ActiveCfg = Development|Any CPU
		{2C9BC084-15D0-3FF1-ABCB-1AAF6B36B065}.Development|Win64.Build.0 = Development|Any CPU
		{2C9BC084-15D0-3FF1-ABCB-1AAF6B36B065}.Shipping|Win64.ActiveCfg = Development|Any CPU
		{2C9BC084-15D0-3FF1-ABCB-1AAF6B36B065}.Shipping|Win64.Build.0 = Development|Any CPU
		{B26DB9AD-FB9B-312C-95E5-6219EEE6D03E}.DebugGame Editor|Win64.ActiveCfg = Development|Any CPU
		{B26DB9AD-FB9B-312C-95E5-6219EEE6D03E}.DebugGame Editor|Win64.Build.0 = Development|Any CPU
		{B26DB9AD-FB9B-312C-95E5-6219EEE6D03E}.DebugGame|Win64.ActiveCfg = Development|Any CPU
		{B26DB9AD-FB9B-312C-95E5-6219EEE6D03E}.DebugGame|Win64.Build.0 = Development|Any CPU
		{B26DB9AD-FB9B-312C-95E5-6219EEE6D03E}.Development Editor|Win64.ActiveCfg = Development|Any CPU
		{B26DB9AD-FB9B-312C-95E5-6219EEE6D03E}.Development Editor|Win64.Build.0 = Development|Any CPU
		{B26DB9AD-FB9B-312C-95E5-6219EEE6D03E}.Development|Win64.ActiveCfg = Development|Any CPU
		{B26DB9AD-FB9B-312C-95E5-6219EEE6D03E}.Development|Win64.Build.0 = Development|Any CPU
		{B26DB9AD-FB9B-312C-95E5-6219EEE6D03E}.Shipping|Win64.ActiveCfg = Development|Any CPU
		{B26DB9AD-FB9B-312C-95E5-6219EEE6D03E}.Shipping|Win64.Build.0 = Development|Any CPU
		{E745DA84-5942-396D-8112-416CC08482A2}.DebugGame Editor|Win64.ActiveCfg = Development|Any CPU
		{E745DA84-5942-396D-8112-416CC08482A2}.DebugGame Editor|Win64.Build.0 = Development|Any CPU
		{E745DA84-5942-396D-8112-416CC08482A2}.DebugGame|Win64.ActiveCfg = Development|Any CPU
		{E745DA84-5942-396D-8112-416CC08482A2}.DebugGame|Win64.Build.0 = Development|Any CPU
		{E745DA84-5942-396D-8112-416CC08482A2}.Development Editor|Win64.ActiveCfg = Development|Any CPU
		{E745DA84-5942-396D-8112-416CC08482A2}.Development Editor|Win64.Build.0 = Development|Any CPU
		{E745DA84-5942-396D-8112-416CC08482A2}.Development|Win64.ActiveCfg = Development|Any CPU
		{E745DA84-5942-396D-8112-416CC08482A2}.Development|Win64.Build.0 = Development|Any CPU
		{E745DA84-5942-396D-8112-416CC08482A2}.Shipping|Win64.ActiveCfg = Development|Any CPU
		{E745DA84-5942-396D-8112-416CC08482A2}.Shipping|Win64.Build.0 = Development|Any CPU
		{694D1ED4-D843-3EC9-B045-1AF659D5E526}.DebugGame Editor|Win64.ActiveCfg = Development|Any CPU
		{694D1ED4-D843-3EC9-B045-1AF659D5E526}.DebugGame Editor|Win64.Build.0 = Development|Any CPU
		{694D1ED4-D843-3EC9-B045-1AF659D5E526}.DebugGame|Win64.ActiveCfg = Development|Any CPU
		{694D1ED4-D843-3EC9-B045-1AF659D5E526}.DebugGame|Win64.Build.0 = Development|Any CPU
		{694D1ED4-D843-3EC9-B045-1AF659D5E526}.Development Editor|Win64.ActiveCfg = Development|Any CPU
		{694D1ED4-D843-3EC9-B045-1AF659D5E526}.Development Editor|Win64.Build.0 = Development|Any CPU
		{694D1ED4-D843-3EC9-B045-1AF659D5E526}.Development|Win64.ActiveCfg = Development|Any CPU
		{694D1ED4-D843-3EC9-B045-1AF659D5E526}.Development|Win64.Build.0 = Development|Any CPU
		{694D1ED4-D843-3EC9-B045-1AF659D5E526}.Shipping|Win64.ActiveCfg = Development|Any CPU
		{694D1ED4-D843-3EC9-B045-1AF659D5E526}.Shipping|Win64.Build.0 = Development|Any CPU
	EndGlobalSection
	GlobalSection(SolutionProperties) = preSolution
		HideSolutionNode = FALSE
	EndGlobalSection
	GlobalSection(NestedProjects) = preSolution
		{8F39B087-452A-3103-9256-C9CB60D526AC} = {233774A8-CC9D-3FA9-86D1-90573E92B704}
		{A30D4EAB-4AB4-38EF-99C7-E9D68A47B42D} = {DE1F8B53-6C02-3C13-9101-A7C8D96F3FF6}
		{ACDEDF82-1133-317D-AEC8-790CAFB7C0B8} = {A338B9E2-A559-34BE-A46D-F789DD488FAD}
		{FF5FB600-F54D-3A0B-83D1-A0F9F14AFA6C} = {A338B9E2-A559-34BE-A46D-F789DD488FAD}
		{0BFBE63A-B98A-3411-8EEB-8918FEC737B3} = {A338B9E2-A559-34BE-A46D-F789DD488FAD}
		{7B5CFB44-F0FB-31DF-AE62-C3C096A29A7B} = {A338B9E2-A559-34BE-A46D-F789DD488FAD}
		{57713676-9DBE-331C-AD10-26632AC9EE0C} = {A338B9E2-A559-34BE-A46D-F789DD488FAD}
		{AB80A08D-8B4B-30B6-818A-3A5B4C633FCA} = {0BFBE63A-B98A-3411-8EEB-8918FEC737B3}
		{381CD736-33CB-3CFD-B39F-FAD35FBF158A} = {0BFBE63A-B98A-3411-8EEB-8918FEC737B3}
		{027510F4-70CA-3DC3-B2C3-524382FA0517} = {0BFBE63A-B98A-3411-8EEB-8918FEC737B3}
		{195525D7-0266-37AC-8B15-6271519C3768} = {0BFBE63A-B98A-3411-8EEB-8918FEC737B3}
		{04C6D3D7-070C-30AA-9D4D-BF053CC283ED} = {0BFBE63A-B98A-3411-8EEB-8918FEC737B3}
		{4D165EA0-1B8A-3FC0-B7DB-601FDB9EA514} = {0BFBE63A-B98A-3411-8EEB-8918FEC737B3}
		{C515100D-9397-3BAA-987A-D6C93133793D} = {0BFBE63A-B98A-3411-8EEB-8918FEC737B3}
		{915032C2-1F32-3CF7-B2AB-ECEC16B6731C} = {0BFBE63A-B98A-3411-8EEB-8918FEC737B3}
		{D3AFEDD1-1906-346E-86DE-CF7816A958FD} = {0BFBE63A-B98A-3411-8EEB-8918FEC737B3}
		{3116A223-95E9-3F9D-B923-BC9AD9BCFF5A} = {0BFBE63A-B98A-3411-8EEB-8918FEC737B3}
		{2FFB8238-174E-3565-887E-9AC7890486C6} = {0BFBE63A-B98A-3411-8EEB-8918FEC737B3}
		{5E9629B8-0997-37B9-B74F-D6A6EE0BFA16} = {0BFBE63A-B98A-3411-8EEB-8918FEC737B3}
		{1C178FD3-CEC5-3827-B5F2-6AAA36BD8569} = {0BFBE63A-B98A-3411-8EEB-8918FEC737B3}
		{82A98442-15B2-316F-9F69-D4E4F2AFC8E2} = {0BFBE63A-B98A-3411-8EEB-8918FEC737B3}
		{DFB99B60-E177-3667-80F7-0B860088DEB5} = {0BFBE63A-B98A-3411-8EEB-8918FEC737B3}
		{25908BDC-7796-3EC0-99E5-D5B3E3E9AAB7} = {0BFBE63A-B98A-3411-8EEB-8918FEC737B3}
		{AC5076DF-5543-3906-9172-79280703C108} = {0BFBE63A-B98A-3411-8EEB-8918FEC737B3}
		{8159A5F6-8DC3-3423-B61B-8330CAF2E90A} = {0BFBE63A-B98A-3411-8EEB-8918FEC737B3}
		{54C6DB73-6885-374A-9279-B2888225F82F} = {0BFBE63A-B98A-3411-8EEB-8918FEC737B3}
		{CAEFD17F-20DE-38AC-AE0D-DA415E1AB680} = {0BFBE63A-B98A-3411-8EEB-8918FEC737B3}
		{E3C53D00-BA1D-3BE7-A87A-8EE474D65E97} = {7B5CFB44-F0FB-31DF-AE62-C3C096A29A7B}
		{77EF7489-6714-3835-AFBD-D9F52A98562F} = {57713676-9DBE-331C-AD10-26632AC9EE0C}
		{D4CAE10E-6FCE-3840-9179-4CD41B0DB6C3} = {57713676-9DBE-331C-AD10-26632AC9EE0C}
		{EA896DD6-E632-30A4-9652-A499FAE007E0} = {57713676-9DBE-331C-AD10-26632AC9EE0C}
		{C73A2D2C-4E78-37A3-873F-F9E2AF031EB1} = {57713676-9DBE-331C-AD10-26632AC9EE0C}
		{FBC41FEF-14E2-36D6-A7DE-24499B888867} = {57713676-9DBE-331C-AD10-26632AC9EE0C}
		{7744C741-8A7A-371F-B3BE-04B5089FF4FD} = {57713676-9DBE-331C-AD10-26632AC9EE0C}
		{48FE9078-1008-3947-9509-B4142B8D456E} = {57713676-9DBE-331C-AD10-26632AC9EE0C}
		{77051521-D72E-3409-A70D-6CB18D5368C9} = {57713676-9DBE-331C-AD10-26632AC9EE0C}
		{65C8ECAB-6EFE-37EF-A228-F5E33A25A5B5} = {57713676-9DBE-331C-AD10-26632AC9EE0C}
		{A5023839-9EE4-3C2F-8193-B1A8DEDFC524} = {57713676-9DBE-331C-AD10-26632AC9EE0C}
		{A2D17222-C482-331D-8042-01DC488D14DB} = {57713676-9DBE-331C-AD10-26632AC9EE0C}
		{718E7685-8C89-38D6-970F-1BAA88AC680E} = {57713676-9DBE-331C-AD10-26632AC9EE0C}
		{4E4E133A-AB13-3DC8-8E4B-68C4A185F2DC} = {57713676-9DBE-331C-AD10-26632AC9EE0C}
		{42E238F1-3AC4-3B9E-AA1E-52BC85556FD6} = {57713676-9DBE-331C-AD10-26632AC9EE0C}
		{39F6AA48-F674-33BC-853B-07DC9D9FB858} = {57713676-9DBE-331C-AD10-26632AC9EE0C}
		{1972737F-73D9-32FE-B089-127F9D7E630B} = {57713676-9DBE-331C-AD10-26632AC9EE0C}
		{1A8C98A0-A048-3906-9FF1-FD4C3A68BCB8} = {57713676-9DBE-331C-AD10-26632AC9EE0C}
		{918B6D34-5409-3CCF-9B71-10388B7569CE} = {57713676-9DBE-331C-AD10-26632AC9EE0C}
		{31F83772-5F86-3DFA-A5A4-BED5962ED9B7} = {57713676-9DBE-331C-AD10-26632AC9EE0C}
		{2C9BC084-15D0-3FF1-ABCB-1AAF6B36B065} = {57713676-9DBE-331C-AD10-26632AC9EE0C}
		{B26DB9AD-FB9B-312C-95E5-6219EEE6D03E} = {C2F57ECE-B26F-39D8-BDA7-C1D40BD8F180}
		{E745DA84-5942-396D-8112-416CC08482A2} = {C2F57ECE-B26F-39D8-BDA7-C1D40BD8F180}
		{694D1ED4-D843-3EC9-B045-1AF659D5E526} = {C2F57ECE-B26F-39D8-BDA7-C1D40BD8F180}
	EndGlobalSection
EndGlobal
